// !$*UTF8*$!
{
	archiveVersion = 1;
	classes = {
	};
	objectVersion = 56;
	objects = {

/* Begin PBXBuildFile section */
		CE266CC729802E6200D6E038 /* AppDelegate.swift in Sources */ = {isa = PBXBuildFile; fileRef = CE266CC629802E6200D6E038 /* AppDelegate.swift */; };
		CE266CCB29802E6200D6E038 /* SingerTracksViewController.swift in Sources */ = {isa = PBXBuildFile; fileRef = CE266CCA29802E6200D6E038 /* SingerTracksViewController.swift */; };
		CE266CD029802E6300D6E038 /* Assets.xcassets in Resources */ = {isa = PBXBuildFile; fileRef = CE266CCF29802E6300D6E038 /* Assets.xcassets */; };
		CE266CD329802E6300D6E038 /* LaunchScreen.storyboard in Resources */ = {isa = PBXBuildFile; fileRef = CE266CD129802E6300D6E038 /* LaunchScreen.storyboard */; };
		CE266CDE29802E6400D6E038 /* SingerTrackDetailsCoordinatorTests.swift in Sources */ = {isa = PBXBuildFile; fileRef = CE266CDD29802E6400D6E038 /* SingerTrackDetailsCoordinatorTests.swift */; };
		CE266CE829802E6400D6E038 /* iTunesSearchUITests.swift in Sources */ = {isa = PBXBuildFile; fileRef = CE266CE729802E6400D6E038 /* iTunesSearchUITests.swift */; };
		CE266CEA29802E6400D6E038 /* iTunesSearchUITestsLaunchTests.swift in Sources */ = {isa = PBXBuildFile; fileRef = CE266CE929802E6400D6E038 /* iTunesSearchUITestsLaunchTests.swift */; };
		CE266CFC298031AD00D6E038 /* APIPath.swift in Sources */ = {isa = PBXBuildFile; fileRef = CE266CFB298031AD00D6E038 /* APIPath.swift */; };
		CE266CFE298031C600D6E038 /* APIEnvironment.swift in Sources */ = {isa = PBXBuildFile; fileRef = CE266CFD298031C600D6E038 /* APIEnvironment.swift */; };
		CE266D00298031DA00D6E038 /* APILoader.swift in Sources */ = {isa = PBXBuildFile; fileRef = CE266CFF298031DA00D6E038 /* APILoader.swift */; };
		CE266D02298031EA00D6E038 /* RequestHandler+Extension.swift in Sources */ = {isa = PBXBuildFile; fileRef = CE266D01298031EA00D6E038 /* RequestHandler+Extension.swift */; };
		CE266D04298031F600D6E038 /* ResponseHandler+Extension.swift in Sources */ = {isa = PBXBuildFile; fileRef = CE266D03298031F600D6E038 /* ResponseHandler+Extension.swift */; };
		CE266D062980320100D6E038 /* APIHandler.swift in Sources */ = {isa = PBXBuildFile; fileRef = CE266D052980320100D6E038 /* APIHandler.swift */; };
		CE266D0A2980335800D6E038 /* ConstantsAlert.swift in Sources */ = {isa = PBXBuildFile; fileRef = CE266D092980335800D6E038 /* ConstantsAlert.swift */; };
		CE266D0D2980346500D6E038 /* SingerTracksViewModel.swift in Sources */ = {isa = PBXBuildFile; fileRef = CE266D0C2980346500D6E038 /* SingerTracksViewModel.swift */; };
		CE266D102980358E00D6E038 /* DownloadSingerTrackUseCase.swift in Sources */ = {isa = PBXBuildFile; fileRef = CE266D0F2980358E00D6E038 /* DownloadSingerTrackUseCase.swift */; };
		CE266D132980368600D6E038 /* SearchSingerTrackAPI.swift in Sources */ = {isa = PBXBuildFile; fileRef = CE266D122980368600D6E038 /* SearchSingerTrackAPI.swift */; };
		CE266D1A29803E8D00D6E038 /* NetworkModel.swift in Sources */ = {isa = PBXBuildFile; fileRef = CE266D1929803E8D00D6E038 /* NetworkModel.swift */; };
		CE266D1D298042E100D6E038 /* PresentationModel.swift in Sources */ = {isa = PBXBuildFile; fileRef = CE266D1C298042E100D6E038 /* PresentationModel.swift */; };
		CE266D2929807DFF00D6E038 /* SingerTrackListContentView.swift in Sources */ = {isa = PBXBuildFile; fileRef = CE266D2829807DFF00D6E038 /* SingerTrackListContentView.swift */; };
		CE266D2B29807E4000D6E038 /* SingerTrackListConfigurator.swift in Sources */ = {isa = PBXBuildFile; fileRef = CE266D2A29807E4000D6E038 /* SingerTrackListConfigurator.swift */; };
		CE266D2D29807E8E00D6E038 /* SingerTrackListCell.swift in Sources */ = {isa = PBXBuildFile; fileRef = CE266D2C29807E8E00D6E038 /* SingerTrackListCell.swift */; };
		CE266D3329812BEB00D6E038 /* PersistentStorageRepository.swift in Sources */ = {isa = PBXBuildFile; fileRef = CE266D3229812BEB00D6E038 /* PersistentStorageRepository.swift */; };
		CE266D3629812C5700D6E038 /* PersistentStorageRepositoryInterface.swift in Sources */ = {isa = PBXBuildFile; fileRef = CE266D3529812C5700D6E038 /* PersistentStorageRepositoryInterface.swift */; };
		CE266D3B29812D1F00D6E038 /* DownloadSingerTrackUseCaseInterface.swift in Sources */ = {isa = PBXBuildFile; fileRef = CE266D3A29812D1F00D6E038 /* DownloadSingerTrackUseCaseInterface.swift */; };
		CE266D3D29812E0500D6E038 /* DataModel.swift in Sources */ = {isa = PBXBuildFile; fileRef = CE266D3C29812E0500D6E038 /* DataModel.swift */; };
		CE266D4029812EB600D6E038 /* Optional.swift in Sources */ = {isa = PBXBuildFile; fileRef = CE266D3F29812EB600D6E038 /* Optional.swift */; };
		CE266D4829814C0400D6E038 /* CoreDataStorageManager.swift in Sources */ = {isa = PBXBuildFile; fileRef = CE266D4729814C0400D6E038 /* CoreDataStorageManager.swift */; };
		CE266D4C29814FB100D6E038 /* StorageSingerTracksUseCaseInterface.swift in Sources */ = {isa = PBXBuildFile; fileRef = CE266D4B29814FB100D6E038 /* StorageSingerTracksUseCaseInterface.swift */; };
		CE266D4E29814FE300D6E038 /* StorageSingerTracksUseCase.swift in Sources */ = {isa = PBXBuildFile; fileRef = CE266D4D29814FE300D6E038 /* StorageSingerTracksUseCase.swift */; };
		CE266D57298162A900D6E038 /* SingerTrackDataModel.xcdatamodeld in Sources */ = {isa = PBXBuildFile; fileRef = CE266D55298162A900D6E038 /* SingerTrackDataModel.xcdatamodeld */; };
		CE266D5A2981679400D6E038 /* SingerTrack.swift in Sources */ = {isa = PBXBuildFile; fileRef = CE266D592981679400D6E038 /* SingerTrack.swift */; };
		CE266D6D2987DED900D6E038 /* SingerTracksWorkerUseCase.swift in Sources */ = {isa = PBXBuildFile; fileRef = CE266D6C2987DED900D6E038 /* SingerTracksWorkerUseCase.swift */; };
		CE266D6F2987DEF500D6E038 /* SingerTracksWorkerUseCaseInterface.swift in Sources */ = {isa = PBXBuildFile; fileRef = CE266D6E2987DEF500D6E038 /* SingerTracksWorkerUseCaseInterface.swift */; };
		CE266D7529897CC700D6E038 /* APIHeaders.swift in Sources */ = {isa = PBXBuildFile; fileRef = CE266D7429897CC700D6E038 /* APIHeaders.swift */; };
		CE266D7D298A994000D6E038 /* SingerTracksViewModelInterface.swift in Sources */ = {isa = PBXBuildFile; fileRef = CE266D7C298A994000D6E038 /* SingerTracksViewModelInterface.swift */; };
		CE39D7CD2993C72A009F4202 /* String.swift in Sources */ = {isa = PBXBuildFile; fileRef = CE39D7CC2993C72A009F4202 /* String.swift */; };
		CE39D7D12993C85F009F4202 /* Localizable.strings in Resources */ = {isa = PBXBuildFile; fileRef = CE39D7D32993C85F009F4202 /* Localizable.strings */; };
		CE39D7E429941ABE009F4202 /* Router.swift in Sources */ = {isa = PBXBuildFile; fileRef = CE39D7E329941ABE009F4202 /* Router.swift */; };
		CE39D7E929968358009F4202 /* ViewControllers.swift in Sources */ = {isa = PBXBuildFile; fileRef = CE39D7E829968358009F4202 /* ViewControllers.swift */; };
		CE39D7ED299969B4009F4202 /* AppRouter.swift in Sources */ = {isa = PBXBuildFile; fileRef = CE39D7EC299969B4009F4202 /* AppRouter.swift */; };
		CE39D7F0299984CF009F4202 /* RouterMock.swift in Sources */ = {isa = PBXBuildFile; fileRef = CE39D7EF299984CF009F4202 /* RouterMock.swift */; };
		CE39D7F2299989BE009F4202 /* CoordinatorsTests.swift in Sources */ = {isa = PBXBuildFile; fileRef = CE39D7F1299989BE009F4202 /* CoordinatorsTests.swift */; };
		CE39D7F4299A5C53009F4202 /* SingerTrackDetailsViewModel.swift in Sources */ = {isa = PBXBuildFile; fileRef = CE39D7F3299A5C53009F4202 /* SingerTrackDetailsViewModel.swift */; };
		CE39D7F7299A5CE5009F4202 /* SingerTrackDetailsViewModelInterface.swift in Sources */ = {isa = PBXBuildFile; fileRef = CE39D7F6299A5CE5009F4202 /* SingerTrackDetailsViewModelInterface.swift */; };
		CE39D7FA299A5E45009F4202 /* SingerTrackDetailsUseCase.swift in Sources */ = {isa = PBXBuildFile; fileRef = CE39D7F9299A5E45009F4202 /* SingerTrackDetailsUseCase.swift */; };
		CE39D7FD299A5E65009F4202 /* SingerTrackDetailsUseCaseInterface.swift in Sources */ = {isa = PBXBuildFile; fileRef = CE39D7FC299A5E65009F4202 /* SingerTrackDetailsUseCaseInterface.swift */; };
		CE4FC54C298D6647004F281C /* QueryWorkerStorage.swift in Sources */ = {isa = PBXBuildFile; fileRef = CE4FC54B298D6647004F281C /* QueryWorkerStorage.swift */; };
		CE4FC54E298D66CA004F281C /* QueryWorkerStoragable.swift in Sources */ = {isa = PBXBuildFile; fileRef = CE4FC54D298D66CA004F281C /* QueryWorkerStoragable.swift */; };
		CE4FC551298DBDE1004F281C /* Mapper.swift in Sources */ = {isa = PBXBuildFile; fileRef = CE4FC550298DBDE1004F281C /* Mapper.swift */; };
		CE4FC55429911681004F281C /* Coordinator.swift in Sources */ = {isa = PBXBuildFile; fileRef = CE4FC55329911681004F281C /* Coordinator.swift */; };
		CE4FC55629911745004F281C /* AppCoordinator.swift in Sources */ = {isa = PBXBuildFile; fileRef = CE4FC55529911745004F281C /* AppCoordinator.swift */; };
		CE4FC55829911830004F281C /* SingerTracksCoordinator.swift in Sources */ = {isa = PBXBuildFile; fileRef = CE4FC55729911830004F281C /* SingerTracksCoordinator.swift */; };
		CE4FC55C29911A45004F281C /* SingerTrackDetailsViewController.swift in Sources */ = {isa = PBXBuildFile; fileRef = CE4FC55B29911A45004F281C /* SingerTrackDetailsViewController.swift */; };
		CE4FC55E2991280D004F281C /* SingerTrackDetailsCoordinator.swift in Sources */ = {isa = PBXBuildFile; fileRef = CE4FC55D2991280D004F281C /* SingerTrackDetailsCoordinator.swift */; };
		CE4FC56729926F6C004F281C /* ConstantsSingerTracksScreen.swift in Sources */ = {isa = PBXBuildFile; fileRef = CE4FC56629926F6C004F281C /* ConstantsSingerTracksScreen.swift */; };
		CE4FC5692992703F004F281C /* ConstantsSingerTrackDetailsScreen.swift in Sources */ = {isa = PBXBuildFile; fileRef = CE4FC5682992703F004F281C /* ConstantsSingerTrackDetailsScreen.swift */; };
		CE4FC56F299290D2004F281C /* ProgressView.swift in Sources */ = {isa = PBXBuildFile; fileRef = CE4FC56E299290D2004F281C /* ProgressView.swift */; };
/* End PBXBuildFile section */

/* Begin PBXContainerItemProxy section */
		CE266CDA29802E6400D6E038 /* PBXContainerItemProxy */ = {
			isa = PBXContainerItemProxy;
			containerPortal = CE266CBB29802E6200D6E038 /* Project object */;
			proxyType = 1;
			remoteGlobalIDString = CE266CC229802E6200D6E038;
			remoteInfo = iTunesSearch;
		};
		CE266CE429802E6400D6E038 /* PBXContainerItemProxy */ = {
			isa = PBXContainerItemProxy;
			containerPortal = CE266CBB29802E6200D6E038 /* Project object */;
			proxyType = 1;
			remoteGlobalIDString = CE266CC229802E6200D6E038;
			remoteInfo = iTunesSearch;
		};
/* End PBXContainerItemProxy section */

/* Begin PBXFileReference section */
		CE266CC329802E6200D6E038 /* iTunesSearch.app */ = {isa = PBXFileReference; explicitFileType = wrapper.application; includeInIndex = 0; path = iTunesSearch.app; sourceTree = BUILT_PRODUCTS_DIR; };
		CE266CC629802E6200D6E038 /* AppDelegate.swift */ = {isa = PBXFileReference; lastKnownFileType = sourcecode.swift; path = AppDelegate.swift; sourceTree = "<group>"; };
		CE266CCA29802E6200D6E038 /* SingerTracksViewController.swift */ = {isa = PBXFileReference; lastKnownFileType = sourcecode.swift; path = SingerTracksViewController.swift; sourceTree = "<group>"; };
		CE266CCF29802E6300D6E038 /* Assets.xcassets */ = {isa = PBXFileReference; lastKnownFileType = folder.assetcatalog; path = Assets.xcassets; sourceTree = "<group>"; };
		CE266CD229802E6300D6E038 /* Base */ = {isa = PBXFileReference; lastKnownFileType = file.storyboard; name = Base; path = Base.lproj/LaunchScreen.storyboard; sourceTree = "<group>"; };
		CE266CD429802E6300D6E038 /* Info.plist */ = {isa = PBXFileReference; lastKnownFileType = text.plist.xml; path = Info.plist; sourceTree = "<group>"; };
		CE266CD929802E6400D6E038 /* iTunesSearchTests.xctest */ = {isa = PBXFileReference; explicitFileType = wrapper.cfbundle; includeInIndex = 0; path = iTunesSearchTests.xctest; sourceTree = BUILT_PRODUCTS_DIR; };
		CE266CDD29802E6400D6E038 /* SingerTrackDetailsCoordinatorTests.swift */ = {isa = PBXFileReference; lastKnownFileType = sourcecode.swift; path = SingerTrackDetailsCoordinatorTests.swift; sourceTree = "<group>"; };
		CE266CE329802E6400D6E038 /* iTunesSearchUITests.xctest */ = {isa = PBXFileReference; explicitFileType = wrapper.cfbundle; includeInIndex = 0; path = iTunesSearchUITests.xctest; sourceTree = BUILT_PRODUCTS_DIR; };
		CE266CE729802E6400D6E038 /* iTunesSearchUITests.swift */ = {isa = PBXFileReference; lastKnownFileType = sourcecode.swift; path = iTunesSearchUITests.swift; sourceTree = "<group>"; };
		CE266CE929802E6400D6E038 /* iTunesSearchUITestsLaunchTests.swift */ = {isa = PBXFileReference; lastKnownFileType = sourcecode.swift; path = iTunesSearchUITestsLaunchTests.swift; sourceTree = "<group>"; };
		CE266CFB298031AD00D6E038 /* APIPath.swift */ = {isa = PBXFileReference; lastKnownFileType = sourcecode.swift; path = APIPath.swift; sourceTree = "<group>"; };
		CE266CFD298031C600D6E038 /* APIEnvironment.swift */ = {isa = PBXFileReference; lastKnownFileType = sourcecode.swift; path = APIEnvironment.swift; sourceTree = "<group>"; };
		CE266CFF298031DA00D6E038 /* APILoader.swift */ = {isa = PBXFileReference; lastKnownFileType = sourcecode.swift; path = APILoader.swift; sourceTree = "<group>"; };
		CE266D01298031EA00D6E038 /* RequestHandler+Extension.swift */ = {isa = PBXFileReference; lastKnownFileType = sourcecode.swift; path = "RequestHandler+Extension.swift"; sourceTree = "<group>"; };
		CE266D03298031F600D6E038 /* ResponseHandler+Extension.swift */ = {isa = PBXFileReference; lastKnownFileType = sourcecode.swift; path = "ResponseHandler+Extension.swift"; sourceTree = "<group>"; };
		CE266D052980320100D6E038 /* APIHandler.swift */ = {isa = PBXFileReference; lastKnownFileType = sourcecode.swift; path = APIHandler.swift; sourceTree = "<group>"; };
		CE266D092980335800D6E038 /* ConstantsAlert.swift */ = {isa = PBXFileReference; lastKnownFileType = sourcecode.swift; path = ConstantsAlert.swift; sourceTree = "<group>"; };
		CE266D0C2980346500D6E038 /* SingerTracksViewModel.swift */ = {isa = PBXFileReference; lastKnownFileType = sourcecode.swift; path = SingerTracksViewModel.swift; sourceTree = "<group>"; };
		CE266D0F2980358E00D6E038 /* DownloadSingerTrackUseCase.swift */ = {isa = PBXFileReference; lastKnownFileType = sourcecode.swift; path = DownloadSingerTrackUseCase.swift; sourceTree = "<group>"; };
		CE266D122980368600D6E038 /* SearchSingerTrackAPI.swift */ = {isa = PBXFileReference; lastKnownFileType = sourcecode.swift; path = SearchSingerTrackAPI.swift; sourceTree = "<group>"; };
		CE266D1929803E8D00D6E038 /* NetworkModel.swift */ = {isa = PBXFileReference; lastKnownFileType = sourcecode.swift; path = NetworkModel.swift; sourceTree = "<group>"; };
		CE266D1C298042E100D6E038 /* PresentationModel.swift */ = {isa = PBXFileReference; lastKnownFileType = sourcecode.swift; path = PresentationModel.swift; sourceTree = "<group>"; };
		CE266D2829807DFF00D6E038 /* SingerTrackListContentView.swift */ = {isa = PBXFileReference; lastKnownFileType = sourcecode.swift; path = SingerTrackListContentView.swift; sourceTree = "<group>"; };
		CE266D2A29807E4000D6E038 /* SingerTrackListConfigurator.swift */ = {isa = PBXFileReference; lastKnownFileType = sourcecode.swift; path = SingerTrackListConfigurator.swift; sourceTree = "<group>"; };
		CE266D2C29807E8E00D6E038 /* SingerTrackListCell.swift */ = {isa = PBXFileReference; lastKnownFileType = sourcecode.swift; path = SingerTrackListCell.swift; sourceTree = "<group>"; };
		CE266D3229812BEB00D6E038 /* PersistentStorageRepository.swift */ = {isa = PBXFileReference; lastKnownFileType = sourcecode.swift; path = PersistentStorageRepository.swift; sourceTree = "<group>"; };
		CE266D3529812C5700D6E038 /* PersistentStorageRepositoryInterface.swift */ = {isa = PBXFileReference; lastKnownFileType = sourcecode.swift; path = PersistentStorageRepositoryInterface.swift; sourceTree = "<group>"; };
		CE266D3A29812D1F00D6E038 /* DownloadSingerTrackUseCaseInterface.swift */ = {isa = PBXFileReference; lastKnownFileType = sourcecode.swift; path = DownloadSingerTrackUseCaseInterface.swift; sourceTree = "<group>"; };
		CE266D3C29812E0500D6E038 /* DataModel.swift */ = {isa = PBXFileReference; lastKnownFileType = sourcecode.swift; path = DataModel.swift; sourceTree = "<group>"; };
		CE266D3F29812EB600D6E038 /* Optional.swift */ = {isa = PBXFileReference; lastKnownFileType = sourcecode.swift; path = Optional.swift; sourceTree = "<group>"; };
		CE266D4729814C0400D6E038 /* CoreDataStorageManager.swift */ = {isa = PBXFileReference; lastKnownFileType = sourcecode.swift; path = CoreDataStorageManager.swift; sourceTree = "<group>"; };
		CE266D4B29814FB100D6E038 /* StorageSingerTracksUseCaseInterface.swift */ = {isa = PBXFileReference; lastKnownFileType = sourcecode.swift; path = StorageSingerTracksUseCaseInterface.swift; sourceTree = "<group>"; };
		CE266D4D29814FE300D6E038 /* StorageSingerTracksUseCase.swift */ = {isa = PBXFileReference; lastKnownFileType = sourcecode.swift; path = StorageSingerTracksUseCase.swift; sourceTree = "<group>"; };
		CE266D56298162A900D6E038 /* SingerTrackDataModel.xcdatamodel */ = {isa = PBXFileReference; lastKnownFileType = wrapper.xcdatamodel; path = SingerTrackDataModel.xcdatamodel; sourceTree = "<group>"; };
		CE266D592981679400D6E038 /* SingerTrack.swift */ = {isa = PBXFileReference; lastKnownFileType = sourcecode.swift; path = SingerTrack.swift; sourceTree = "<group>"; };
		CE266D6C2987DED900D6E038 /* SingerTracksWorkerUseCase.swift */ = {isa = PBXFileReference; lastKnownFileType = sourcecode.swift; path = SingerTracksWorkerUseCase.swift; sourceTree = "<group>"; };
		CE266D6E2987DEF500D6E038 /* SingerTracksWorkerUseCaseInterface.swift */ = {isa = PBXFileReference; lastKnownFileType = sourcecode.swift; path = SingerTracksWorkerUseCaseInterface.swift; sourceTree = "<group>"; };
		CE266D7429897CC700D6E038 /* APIHeaders.swift */ = {isa = PBXFileReference; lastKnownFileType = sourcecode.swift; path = APIHeaders.swift; sourceTree = "<group>"; };
		CE266D7C298A994000D6E038 /* SingerTracksViewModelInterface.swift */ = {isa = PBXFileReference; lastKnownFileType = sourcecode.swift; path = SingerTracksViewModelInterface.swift; sourceTree = "<group>"; };
		CE39D7CC2993C72A009F4202 /* String.swift */ = {isa = PBXFileReference; lastKnownFileType = sourcecode.swift; path = String.swift; sourceTree = "<group>"; };
		CE39D7D22993C85F009F4202 /* en */ = {isa = PBXFileReference; lastKnownFileType = text.plist.strings; name = en; path = en.lproj/Localizable.strings; sourceTree = "<group>"; };
		CE39D7D62993C90E009F4202 /* uk */ = {isa = PBXFileReference; lastKnownFileType = text.plist.strings; name = uk; path = uk.lproj/LaunchScreen.strings; sourceTree = "<group>"; };
		CE39D7D72993C90E009F4202 /* uk */ = {isa = PBXFileReference; lastKnownFileType = text.plist.strings; name = uk; path = uk.lproj/Localizable.strings; sourceTree = "<group>"; };
		CE39D7E329941ABE009F4202 /* Router.swift */ = {isa = PBXFileReference; lastKnownFileType = sourcecode.swift; path = Router.swift; sourceTree = "<group>"; };
		CE39D7E829968358009F4202 /* ViewControllers.swift */ = {isa = PBXFileReference; lastKnownFileType = sourcecode.swift; path = ViewControllers.swift; sourceTree = "<group>"; };
		CE39D7EC299969B4009F4202 /* AppRouter.swift */ = {isa = PBXFileReference; lastKnownFileType = sourcecode.swift; path = AppRouter.swift; sourceTree = "<group>"; };
		CE39D7EF299984CF009F4202 /* RouterMock.swift */ = {isa = PBXFileReference; lastKnownFileType = sourcecode.swift; path = RouterMock.swift; sourceTree = "<group>"; };
		CE39D7F1299989BE009F4202 /* CoordinatorsTests.swift */ = {isa = PBXFileReference; lastKnownFileType = sourcecode.swift; path = CoordinatorsTests.swift; sourceTree = "<group>"; };
		CE39D7F3299A5C53009F4202 /* SingerTrackDetailsViewModel.swift */ = {isa = PBXFileReference; lastKnownFileType = sourcecode.swift; path = SingerTrackDetailsViewModel.swift; sourceTree = "<group>"; };
		CE39D7F6299A5CE5009F4202 /* SingerTrackDetailsViewModelInterface.swift */ = {isa = PBXFileReference; lastKnownFileType = sourcecode.swift; path = SingerTrackDetailsViewModelInterface.swift; sourceTree = "<group>"; };
		CE39D7F9299A5E45009F4202 /* SingerTrackDetailsUseCase.swift */ = {isa = PBXFileReference; lastKnownFileType = sourcecode.swift; path = SingerTrackDetailsUseCase.swift; sourceTree = "<group>"; };
		CE39D7FC299A5E65009F4202 /* SingerTrackDetailsUseCaseInterface.swift */ = {isa = PBXFileReference; lastKnownFileType = sourcecode.swift; path = SingerTrackDetailsUseCaseInterface.swift; sourceTree = "<group>"; };
		CE4FC54B298D6647004F281C /* QueryWorkerStorage.swift */ = {isa = PBXFileReference; lastKnownFileType = sourcecode.swift; path = QueryWorkerStorage.swift; sourceTree = "<group>"; };
		CE4FC54D298D66CA004F281C /* QueryWorkerStoragable.swift */ = {isa = PBXFileReference; lastKnownFileType = sourcecode.swift; path = QueryWorkerStoragable.swift; sourceTree = "<group>"; };
		CE4FC550298DBDE1004F281C /* Mapper.swift */ = {isa = PBXFileReference; lastKnownFileType = sourcecode.swift; path = Mapper.swift; sourceTree = "<group>"; };
		CE4FC55329911681004F281C /* Coordinator.swift */ = {isa = PBXFileReference; lastKnownFileType = sourcecode.swift; path = Coordinator.swift; sourceTree = "<group>"; };
		CE4FC55529911745004F281C /* AppCoordinator.swift */ = {isa = PBXFileReference; lastKnownFileType = sourcecode.swift; path = AppCoordinator.swift; sourceTree = "<group>"; };
		CE4FC55729911830004F281C /* SingerTracksCoordinator.swift */ = {isa = PBXFileReference; lastKnownFileType = sourcecode.swift; path = SingerTracksCoordinator.swift; sourceTree = "<group>"; };
		CE4FC55B29911A45004F281C /* SingerTrackDetailsViewController.swift */ = {isa = PBXFileReference; lastKnownFileType = sourcecode.swift; path = SingerTrackDetailsViewController.swift; sourceTree = "<group>"; };
		CE4FC55D2991280D004F281C /* SingerTrackDetailsCoordinator.swift */ = {isa = PBXFileReference; lastKnownFileType = sourcecode.swift; path = SingerTrackDetailsCoordinator.swift; sourceTree = "<group>"; };
		CE4FC56629926F6C004F281C /* ConstantsSingerTracksScreen.swift */ = {isa = PBXFileReference; lastKnownFileType = sourcecode.swift; path = ConstantsSingerTracksScreen.swift; sourceTree = "<group>"; };
		CE4FC5682992703F004F281C /* ConstantsSingerTrackDetailsScreen.swift */ = {isa = PBXFileReference; lastKnownFileType = sourcecode.swift; path = ConstantsSingerTrackDetailsScreen.swift; sourceTree = "<group>"; };
		CE4FC56E299290D2004F281C /* ProgressView.swift */ = {isa = PBXFileReference; lastKnownFileType = sourcecode.swift; path = ProgressView.swift; sourceTree = "<group>"; };
/* End PBXFileReference section */

/* Begin PBXFrameworksBuildPhase section */
		CE266CC029802E6200D6E038 /* Frameworks */ = {
			isa = PBXFrameworksBuildPhase;
			buildActionMask = 2147483647;
			files = (
			);
			runOnlyForDeploymentPostprocessing = 0;
		};
		CE266CD629802E6400D6E038 /* Frameworks */ = {
			isa = PBXFrameworksBuildPhase;
			buildActionMask = 2147483647;
			files = (
			);
			runOnlyForDeploymentPostprocessing = 0;
		};
		CE266CE029802E6400D6E038 /* Frameworks */ = {
			isa = PBXFrameworksBuildPhase;
			buildActionMask = 2147483647;
			files = (
			);
			runOnlyForDeploymentPostprocessing = 0;
		};
/* End PBXFrameworksBuildPhase section */

/* Begin PBXGroup section */
		CE266CBA29802E6200D6E038 = {
			isa = PBXGroup;
			children = (
				CE266CC529802E6200D6E038 /* iTunesSearch */,
				CE266CDC29802E6400D6E038 /* iTunesSearchTests */,
				CE266CE629802E6400D6E038 /* iTunesSearchUITests */,
				CE266CC429802E6200D6E038 /* Products */,
			);
			sourceTree = "<group>";
		};
		CE266CC429802E6200D6E038 /* Products */ = {
			isa = PBXGroup;
			children = (
				CE266CC329802E6200D6E038 /* iTunesSearch.app */,
				CE266CD929802E6400D6E038 /* iTunesSearchTests.xctest */,
				CE266CE329802E6400D6E038 /* iTunesSearchUITests.xctest */,
			);
			name = Products;
			sourceTree = "<group>";
		};
		CE266CC529802E6200D6E038 /* iTunesSearch */ = {
			isa = PBXGroup;
			children = (
				CE4FC55229911651004F281C /* Navigations */,
				CE266D5B2984009C00D6E038 /* View Layer */,
				CE266CF72980308E00D6E038 /* Presentation Layer */,
				CE266CF92980310000D6E038 /* Domain Layer */,
				CE266CF8298030E800D6E038 /* Data Layer */,
				CE266CFA2980310800D6E038 /* Infrastructure */,
				CE266CF629802ED800D6E038 /* Application */,
				CE266D072980330E00D6E038 /* Resources */,
				CE266D7629897F3C00D6E038 /* Constants */,
				CE39D7CE2993C82C009F4202 /* Localization */,
				CE266D0E298034E500D6E038 /* Extensions */,
			);
			path = iTunesSearch;
			sourceTree = "<group>";
		};
		CE266CDC29802E6400D6E038 /* iTunesSearchTests */ = {
			isa = PBXGroup;
			children = (
				CE39D7EE299984BD009F4202 /* Navigations */,
			);
			path = iTunesSearchTests;
			sourceTree = "<group>";
		};
		CE266CE629802E6400D6E038 /* iTunesSearchUITests */ = {
			isa = PBXGroup;
			children = (
				CE266CE729802E6400D6E038 /* iTunesSearchUITests.swift */,
				CE266CE929802E6400D6E038 /* iTunesSearchUITestsLaunchTests.swift */,
			);
			path = iTunesSearchUITests;
			sourceTree = "<group>";
		};
		CE266CF629802ED800D6E038 /* Application */ = {
			isa = PBXGroup;
			children = (
				CE266CC629802E6200D6E038 /* AppDelegate.swift */,
			);
			path = Application;
			sourceTree = "<group>";
		};
		CE266CF72980308E00D6E038 /* Presentation Layer */ = {
			isa = PBXGroup;
			children = (
				CE266D1B2980429100D6E038 /* Entities */,
				CE4FC56029925500004F281C /* Singer Tracks Screen */,
				CE4FC56229925583004F281C /* Singer Track Details Screen */,
			);
			path = "Presentation Layer";
			sourceTree = "<group>";
		};
		CE266CF8298030E800D6E038 /* Data Layer */ = {
			isa = PBXGroup;
			children = (
				CE266D3029812B8300D6E038 /* Entities */,
				CE266D3129812B8D00D6E038 /* Repositories */,
				CE266D4229814A5200D6E038 /* PersistentStorage */,
			);
			path = "Data Layer";
			sourceTree = "<group>";
		};
		CE266CF92980310000D6E038 /* Domain Layer */ = {
			isa = PBXGroup;
			children = (
				CE4FC5612992556C004F281C /* Singer Track Details Screen */,
				CE4FC55F299254D5004F281C /* Singer Tracks Screen */,
			);
			path = "Domain Layer";
			sourceTree = "<group>";
		};
		CE266CFA2980310800D6E038 /* Infrastructure */ = {
			isa = PBXGroup;
			children = (
				CE266D5F2984040F00D6E038 /* Network Services */,
				CE266D732989483800D6E038 /* Network Entities */,
				CE266D17298037B700D6E038 /* Network Client */,
			);
			path = Infrastructure;
			sourceTree = "<group>";
		};
		CE266D072980330E00D6E038 /* Resources */ = {
			isa = PBXGroup;
			children = (
				CE266CD429802E6300D6E038 /* Info.plist */,
				CE266CCF29802E6300D6E038 /* Assets.xcassets */,
				CE266CD129802E6300D6E038 /* LaunchScreen.storyboard */,
			);
			path = Resources;
			sourceTree = "<group>";
		};
		CE266D0E298034E500D6E038 /* Extensions */ = {
			isa = PBXGroup;
			children = (
				CE266D3F29812EB600D6E038 /* Optional.swift */,
				CE39D7CC2993C72A009F4202 /* String.swift */,
			);
			path = Extensions;
			sourceTree = "<group>";
		};
		CE266D17298037B700D6E038 /* Network Client */ = {
			isa = PBXGroup;
			children = (
				CE266D052980320100D6E038 /* APIHandler.swift */,
				CE266D01298031EA00D6E038 /* RequestHandler+Extension.swift */,
				CE266D03298031F600D6E038 /* ResponseHandler+Extension.swift */,
				CE266CFF298031DA00D6E038 /* APILoader.swift */,
				CE266CFD298031C600D6E038 /* APIEnvironment.swift */,
				CE266CFB298031AD00D6E038 /* APIPath.swift */,
				CE266D7429897CC700D6E038 /* APIHeaders.swift */,
			);
			path = "Network Client";
			sourceTree = "<group>";
		};
		CE266D1B2980429100D6E038 /* Entities */ = {
			isa = PBXGroup;
			children = (
				CE266D1C298042E100D6E038 /* PresentationModel.swift */,
			);
			path = Entities;
			sourceTree = "<group>";
		};
		CE266D232980481000D6E038 /* View Models */ = {
			isa = PBXGroup;
			children = (
				CE266D7B298A990800D6E038 /* Interfaces */,
				CE266D0C2980346500D6E038 /* SingerTracksViewModel.swift */,
			);
			path = "View Models";
			sourceTree = "<group>";
		};
		CE266D242980481E00D6E038 /* View Controllers */ = {
			isa = PBXGroup;
			children = (
				CE39D7E729968346009F4202 /* Configurators */,
				CE4FC55A29911A1F004F281C /* Singer Track Details Screen */,
				CE4FC559299119E0004F281C /* Singer Tracks Screen */,
			);
			path = "View Controllers";
			sourceTree = "<group>";
		};
		CE266D2529807D3C00D6E038 /* Views */ = {
			isa = PBXGroup;
			children = (
				CE266D2629807DB400D6E038 /* Cells */,
				CE4FC56E299290D2004F281C /* ProgressView.swift */,
			);
			path = Views;
			sourceTree = "<group>";
		};
		CE266D2629807DB400D6E038 /* Cells */ = {
			isa = PBXGroup;
			children = (
				CE266D2729807DC500D6E038 /* Singer Tracks List Cell Component */,
			);
			path = Cells;
			sourceTree = "<group>";
		};
		CE266D2729807DC500D6E038 /* Singer Tracks List Cell Component */ = {
			isa = PBXGroup;
			children = (
				CE266D2829807DFF00D6E038 /* SingerTrackListContentView.swift */,
				CE266D2A29807E4000D6E038 /* SingerTrackListConfigurator.swift */,
				CE266D2C29807E8E00D6E038 /* SingerTrackListCell.swift */,
			);
			path = "Singer Tracks List Cell Component";
			sourceTree = "<group>";
		};
		CE266D3029812B8300D6E038 /* Entities */ = {
			isa = PBXGroup;
			children = (
				CE266D3C29812E0500D6E038 /* DataModel.swift */,
			);
			path = Entities;
			sourceTree = "<group>";
		};
		CE266D3129812B8D00D6E038 /* Repositories */ = {
			isa = PBXGroup;
			children = (
				CE266D5E298401CC00D6E038 /* Interfaces */,
				CE266D3229812BEB00D6E038 /* PersistentStorageRepository.swift */,
			);
			path = Repositories;
			sourceTree = "<group>";
		};
		CE266D4129814A0F00D6E038 /* CoreDataStorage */ = {
			isa = PBXGroup;
			children = (
				CE4FC54F298DBDD5004F281C /* Mapper */,
				CE4FC544298D1580004F281C /* Entities */,
				CE266D4729814C0400D6E038 /* CoreDataStorageManager.swift */,
				CE266D55298162A900D6E038 /* SingerTrackDataModel.xcdatamodeld */,
			);
			path = CoreDataStorage;
			sourceTree = "<group>";
		};
		CE266D4229814A5200D6E038 /* PersistentStorage */ = {
			isa = PBXGroup;
			children = (
				CE266D4329814A6100D6E038 /* CoreData */,
			);
			path = PersistentStorage;
			sourceTree = "<group>";
		};
		CE266D4329814A6100D6E038 /* CoreData */ = {
			isa = PBXGroup;
			children = (
				CE266D4629814BC300D6E038 /* Interfaces */,
				CE4FC54B298D6647004F281C /* QueryWorkerStorage.swift */,
				CE266D4129814A0F00D6E038 /* CoreDataStorage */,
			);
			path = CoreData;
			sourceTree = "<group>";
		};
		CE266D4629814BC300D6E038 /* Interfaces */ = {
			isa = PBXGroup;
			children = (
				CE4FC54D298D66CA004F281C /* QueryWorkerStoragable.swift */,
			);
			path = Interfaces;
			sourceTree = "<group>";
		};
		CE266D5B2984009C00D6E038 /* View Layer */ = {
			isa = PBXGroup;
			children = (
				CE266D2529807D3C00D6E038 /* Views */,
				CE266D242980481E00D6E038 /* View Controllers */,
			);
			path = "View Layer";
			sourceTree = "<group>";
		};
		CE266D5C298400AE00D6E038 /* UseCases */ = {
			isa = PBXGroup;
			children = (
				CE266D5D2984018400D6E038 /* Interfaces */,
				CE266D0F2980358E00D6E038 /* DownloadSingerTrackUseCase.swift */,
				CE266D4D29814FE300D6E038 /* StorageSingerTracksUseCase.swift */,
				CE266D6C2987DED900D6E038 /* SingerTracksWorkerUseCase.swift */,
			);
			path = UseCases;
			sourceTree = "<group>";
		};
		CE266D5D2984018400D6E038 /* Interfaces */ = {
			isa = PBXGroup;
			children = (
				CE266D3A29812D1F00D6E038 /* DownloadSingerTrackUseCaseInterface.swift */,
				CE266D4B29814FB100D6E038 /* StorageSingerTracksUseCaseInterface.swift */,
				CE266D6E2987DEF500D6E038 /* SingerTracksWorkerUseCaseInterface.swift */,
			);
			path = Interfaces;
			sourceTree = "<group>";
		};
		CE266D5E298401CC00D6E038 /* Interfaces */ = {
			isa = PBXGroup;
			children = (
				CE266D3529812C5700D6E038 /* PersistentStorageRepositoryInterface.swift */,
			);
			path = Interfaces;
			sourceTree = "<group>";
		};
		CE266D5F2984040F00D6E038 /* Network Services */ = {
			isa = PBXGroup;
			children = (
				CE266D122980368600D6E038 /* SearchSingerTrackAPI.swift */,
			);
			path = "Network Services";
			sourceTree = "<group>";
		};
		CE266D732989483800D6E038 /* Network Entities */ = {
			isa = PBXGroup;
			children = (
				CE266D1929803E8D00D6E038 /* NetworkModel.swift */,
			);
			path = "Network Entities";
			sourceTree = "<group>";
		};
		CE266D7629897F3C00D6E038 /* Constants */ = {
			isa = PBXGroup;
			children = (
				CE266D092980335800D6E038 /* ConstantsAlert.swift */,
				CE4FC56629926F6C004F281C /* ConstantsSingerTracksScreen.swift */,
				CE4FC5682992703F004F281C /* ConstantsSingerTrackDetailsScreen.swift */,
			);
			path = Constants;
			sourceTree = "<group>";
		};
		CE266D7B298A990800D6E038 /* Interfaces */ = {
			isa = PBXGroup;
			children = (
				CE266D7C298A994000D6E038 /* SingerTracksViewModelInterface.swift */,
			);
			path = Interfaces;
			sourceTree = "<group>";
		};
		CE39D7CE2993C82C009F4202 /* Localization */ = {
			isa = PBXGroup;
			children = (
				CE39D7D32993C85F009F4202 /* Localizable.strings */,
			);
			path = Localization;
			sourceTree = "<group>";
		};
		CE39D7E229941AB3009F4202 /* Router */ = {
			isa = PBXGroup;
			children = (
				CE39D7E329941ABE009F4202 /* Router.swift */,
				CE39D7EC299969B4009F4202 /* AppRouter.swift */,
			);
			path = Router;
			sourceTree = "<group>";
		};
		CE39D7E729968346009F4202 /* Configurators */ = {
			isa = PBXGroup;
			children = (
				CE39D7E829968358009F4202 /* ViewControllers.swift */,
			);
			path = Configurators;
			sourceTree = "<group>";
		};
		CE39D7EE299984BD009F4202 /* Navigations */ = {
			isa = PBXGroup;
			children = (
				CE39D7F1299989BE009F4202 /* CoordinatorsTests.swift */,
				CE39D7EF299984CF009F4202 /* RouterMock.swift */,
				CE266CDD29802E6400D6E038 /* SingerTrackDetailsCoordinatorTests.swift */,
			);
			path = Navigations;
			sourceTree = "<group>";
		};
		CE39D7F5299A5C66009F4202 /* Interfaces */ = {
			isa = PBXGroup;
			children = (
				CE39D7F6299A5CE5009F4202 /* SingerTrackDetailsViewModelInterface.swift */,
			);
			path = Interfaces;
			sourceTree = "<group>";
		};
		CE39D7F8299A5DF6009F4202 /* UseCases */ = {
			isa = PBXGroup;
			children = (
				CE39D7FB299A5E55009F4202 /* Interfaces */,
				CE39D7F9299A5E45009F4202 /* SingerTrackDetailsUseCase.swift */,
			);
			path = UseCases;
			sourceTree = "<group>";
		};
		CE39D7FB299A5E55009F4202 /* Interfaces */ = {
			isa = PBXGroup;
			children = (
				CE39D7FC299A5E65009F4202 /* SingerTrackDetailsUseCaseInterface.swift */,
			);
			path = Interfaces;
			sourceTree = "<group>";
		};
		CE4FC544298D1580004F281C /* Entities */ = {
			isa = PBXGroup;
			children = (
				CE266D592981679400D6E038 /* SingerTrack.swift */,
			);
			path = Entities;
			sourceTree = "<group>";
		};
		CE4FC54F298DBDD5004F281C /* Mapper */ = {
			isa = PBXGroup;
			children = (
				CE4FC550298DBDE1004F281C /* Mapper.swift */,
			);
			path = Mapper;
			sourceTree = "<group>";
		};
		CE4FC55229911651004F281C /* Navigations */ = {
			isa = PBXGroup;
			children = (
				CE39D7E229941AB3009F4202 /* Router */,
				CE4FC55329911681004F281C /* Coordinator.swift */,
				CE4FC55529911745004F281C /* AppCoordinator.swift */,
				CE4FC55729911830004F281C /* SingerTracksCoordinator.swift */,
				CE4FC55D2991280D004F281C /* SingerTrackDetailsCoordinator.swift */,
			);
			path = Navigations;
			sourceTree = "<group>";
		};
		CE4FC559299119E0004F281C /* Singer Tracks Screen */ = {
			isa = PBXGroup;
			children = (
				CE266CCA29802E6200D6E038 /* SingerTracksViewController.swift */,
			);
			path = "Singer Tracks Screen";
			sourceTree = "<group>";
		};
		CE4FC55A29911A1F004F281C /* Singer Track Details Screen */ = {
			isa = PBXGroup;
			children = (
				CE4FC55B29911A45004F281C /* SingerTrackDetailsViewController.swift */,
			);
			path = "Singer Track Details Screen";
			sourceTree = "<group>";
		};
		CE4FC55F299254D5004F281C /* Singer Tracks Screen */ = {
			isa = PBXGroup;
			children = (
				CE266D5C298400AE00D6E038 /* UseCases */,
			);
			path = "Singer Tracks Screen";
			sourceTree = "<group>";
		};
		CE4FC56029925500004F281C /* Singer Tracks Screen */ = {
			isa = PBXGroup;
			children = (
				CE266D232980481000D6E038 /* View Models */,
			);
			path = "Singer Tracks Screen";
			sourceTree = "<group>";
		};
		CE4FC5612992556C004F281C /* Singer Track Details Screen */ = {
			isa = PBXGroup;
			children = (
				CE39D7F8299A5DF6009F4202 /* UseCases */,
			);
			path = "Singer Track Details Screen";
			sourceTree = "<group>";
		};
		CE4FC56229925583004F281C /* Singer Track Details Screen */ = {
			isa = PBXGroup;
			children = (
				CE39D7F5299A5C66009F4202 /* Interfaces */,
				CE39D7F3299A5C53009F4202 /* SingerTrackDetailsViewModel.swift */,
			);
			path = "Singer Track Details Screen";
			sourceTree = "<group>";
		};
/* End PBXGroup section */

/* Begin PBXNativeTarget section */
		CE266CC229802E6200D6E038 /* iTunesSearch */ = {
			isa = PBXNativeTarget;
			buildConfigurationList = CE266CED29802E6400D6E038 /* Build configuration list for PBXNativeTarget "iTunesSearch" */;
			buildPhases = (
				CE266CBF29802E6200D6E038 /* Sources */,
				CE266CC029802E6200D6E038 /* Frameworks */,
				CE266CC129802E6200D6E038 /* Resources */,
			);
			buildRules = (
			);
			dependencies = (
			);
			name = iTunesSearch;
			productName = iTunesSearch;
			productReference = CE266CC329802E6200D6E038 /* iTunesSearch.app */;
			productType = "com.apple.product-type.application";
		};
		CE266CD829802E6400D6E038 /* iTunesSearchTests */ = {
			isa = PBXNativeTarget;
			buildConfigurationList = CE266CF029802E6400D6E038 /* Build configuration list for PBXNativeTarget "iTunesSearchTests" */;
			buildPhases = (
				CE266CD529802E6400D6E038 /* Sources */,
				CE266CD629802E6400D6E038 /* Frameworks */,
				CE266CD729802E6400D6E038 /* Resources */,
			);
			buildRules = (
			);
			dependencies = (
				CE266CDB29802E6400D6E038 /* PBXTargetDependency */,
			);
			name = iTunesSearchTests;
			productName = iTunesSearchTests;
			productReference = CE266CD929802E6400D6E038 /* iTunesSearchTests.xctest */;
			productType = "com.apple.product-type.bundle.unit-test";
		};
		CE266CE229802E6400D6E038 /* iTunesSearchUITests */ = {
			isa = PBXNativeTarget;
			buildConfigurationList = CE266CF329802E6400D6E038 /* Build configuration list for PBXNativeTarget "iTunesSearchUITests" */;
			buildPhases = (
				CE266CDF29802E6400D6E038 /* Sources */,
				CE266CE029802E6400D6E038 /* Frameworks */,
				CE266CE129802E6400D6E038 /* Resources */,
			);
			buildRules = (
			);
			dependencies = (
				CE266CE529802E6400D6E038 /* PBXTargetDependency */,
			);
			name = iTunesSearchUITests;
			productName = iTunesSearchUITests;
			productReference = CE266CE329802E6400D6E038 /* iTunesSearchUITests.xctest */;
			productType = "com.apple.product-type.bundle.ui-testing";
		};
/* End PBXNativeTarget section */

/* Begin PBXProject section */
		CE266CBB29802E6200D6E038 /* Project object */ = {
			isa = PBXProject;
			attributes = {
				BuildIndependentTargetsInParallel = 1;
				LastSwiftUpdateCheck = 1410;
				LastUpgradeCheck = 1410;
				TargetAttributes = {
					CE266CC229802E6200D6E038 = {
						CreatedOnToolsVersion = 14.1;
					};
					CE266CD829802E6400D6E038 = {
						CreatedOnToolsVersion = 14.1;
						TestTargetID = CE266CC229802E6200D6E038;
					};
					CE266CE229802E6400D6E038 = {
						CreatedOnToolsVersion = 14.1;
						TestTargetID = CE266CC229802E6200D6E038;
					};
				};
			};
			buildConfigurationList = CE266CBE29802E6200D6E038 /* Build configuration list for PBXProject "iTunesSearch" */;
			compatibilityVersion = "Xcode 14.0";
			developmentRegion = en;
			hasScannedForEncodings = 0;
			knownRegions = (
				en,
				Base,
				uk,
			);
			mainGroup = CE266CBA29802E6200D6E038;
			productRefGroup = CE266CC429802E6200D6E038 /* Products */;
			projectDirPath = "";
			projectRoot = "";
			targets = (
				CE266CC229802E6200D6E038 /* iTunesSearch */,
				CE266CD829802E6400D6E038 /* iTunesSearchTests */,
				CE266CE229802E6400D6E038 /* iTunesSearchUITests */,
			);
		};
/* End PBXProject section */

/* Begin PBXResourcesBuildPhase section */
		CE266CC129802E6200D6E038 /* Resources */ = {
			isa = PBXResourcesBuildPhase;
			buildActionMask = 2147483647;
			files = (
				CE266CD329802E6300D6E038 /* LaunchScreen.storyboard in Resources */,
				CE39D7D12993C85F009F4202 /* Localizable.strings in Resources */,
				CE266CD029802E6300D6E038 /* Assets.xcassets in Resources */,
			);
			runOnlyForDeploymentPostprocessing = 0;
		};
		CE266CD729802E6400D6E038 /* Resources */ = {
			isa = PBXResourcesBuildPhase;
			buildActionMask = 2147483647;
			files = (
			);
			runOnlyForDeploymentPostprocessing = 0;
		};
		CE266CE129802E6400D6E038 /* Resources */ = {
			isa = PBXResourcesBuildPhase;
			buildActionMask = 2147483647;
			files = (
			);
			runOnlyForDeploymentPostprocessing = 0;
		};
/* End PBXResourcesBuildPhase section */

/* Begin PBXSourcesBuildPhase section */
		CE266CBF29802E6200D6E038 /* Sources */ = {
			isa = PBXSourcesBuildPhase;
			buildActionMask = 2147483647;
			files = (
				CE266D5A2981679400D6E038 /* SingerTrack.swift in Sources */,
				CE266D6F2987DEF500D6E038 /* SingerTracksWorkerUseCaseInterface.swift in Sources */,
				CE266D04298031F600D6E038 /* ResponseHandler+Extension.swift in Sources */,
				CE4FC55C29911A45004F281C /* SingerTrackDetailsViewController.swift in Sources */,
				CE266CCB29802E6200D6E038 /* SingerTracksViewController.swift in Sources */,
				CE39D7F7299A5CE5009F4202 /* SingerTrackDetailsViewModelInterface.swift in Sources */,
				CE266D7529897CC700D6E038 /* APIHeaders.swift in Sources */,
				CE266D57298162A900D6E038 /* SingerTrackDataModel.xcdatamodeld in Sources */,
				CE266D4029812EB600D6E038 /* Optional.swift in Sources */,
				CE266CC729802E6200D6E038 /* AppDelegate.swift in Sources */,
				CE266D7D298A994000D6E038 /* SingerTracksViewModelInterface.swift in Sources */,
				CE266D2929807DFF00D6E038 /* SingerTrackListContentView.swift in Sources */,
				CE39D7CD2993C72A009F4202 /* String.swift in Sources */,
				CE4FC54E298D66CA004F281C /* QueryWorkerStoragable.swift in Sources */,
				CE4FC54C298D6647004F281C /* QueryWorkerStorage.swift in Sources */,
				CE4FC55629911745004F281C /* AppCoordinator.swift in Sources */,
				CE39D7E429941ABE009F4202 /* Router.swift in Sources */,
				CE266D4C29814FB100D6E038 /* StorageSingerTracksUseCaseInterface.swift in Sources */,
				CE266D3D29812E0500D6E038 /* DataModel.swift in Sources */,
				CE266D1D298042E100D6E038 /* PresentationModel.swift in Sources */,
				CE266D102980358E00D6E038 /* DownloadSingerTrackUseCase.swift in Sources */,
				CE4FC551298DBDE1004F281C /* Mapper.swift in Sources */,
				CE4FC56F299290D2004F281C /* ProgressView.swift in Sources */,
				CE266D132980368600D6E038 /* SearchSingerTrackAPI.swift in Sources */,
				CE39D7F4299A5C53009F4202 /* SingerTrackDetailsViewModel.swift in Sources */,
				CE4FC55829911830004F281C /* SingerTracksCoordinator.swift in Sources */,
				CE266CFE298031C600D6E038 /* APIEnvironment.swift in Sources */,
				CE266D3329812BEB00D6E038 /* PersistentStorageRepository.swift in Sources */,
				CE266D6D2987DED900D6E038 /* SingerTracksWorkerUseCase.swift in Sources */,
				CE266D0A2980335800D6E038 /* ConstantsAlert.swift in Sources */,
				CE266D3629812C5700D6E038 /* PersistentStorageRepositoryInterface.swift in Sources */,
				CE266D4829814C0400D6E038 /* CoreDataStorageManager.swift in Sources */,
				CE266D4E29814FE300D6E038 /* StorageSingerTracksUseCase.swift in Sources */,
				CE266D3B29812D1F00D6E038 /* DownloadSingerTrackUseCaseInterface.swift in Sources */,
				CE39D7ED299969B4009F4202 /* AppRouter.swift in Sources */,
				CE266CFC298031AD00D6E038 /* APIPath.swift in Sources */,
				CE4FC55429911681004F281C /* Coordinator.swift in Sources */,
				CE4FC5692992703F004F281C /* ConstantsSingerTrackDetailsScreen.swift in Sources */,
				CE266D2B29807E4000D6E038 /* SingerTrackListConfigurator.swift in Sources */,
				CE266D062980320100D6E038 /* APIHandler.swift in Sources */,
				CE266D0D2980346500D6E038 /* SingerTracksViewModel.swift in Sources */,
				CE4FC55E2991280D004F281C /* SingerTrackDetailsCoordinator.swift in Sources */,
				CE4FC56729926F6C004F281C /* ConstantsSingerTracksScreen.swift in Sources */,
				CE39D7E929968358009F4202 /* ViewControllers.swift in Sources */,
				CE39D7FD299A5E65009F4202 /* SingerTrackDetailsUseCaseInterface.swift in Sources */,
				CE266D2D29807E8E00D6E038 /* SingerTrackListCell.swift in Sources */,
				CE266D02298031EA00D6E038 /* RequestHandler+Extension.swift in Sources */,
				CE266D00298031DA00D6E038 /* APILoader.swift in Sources */,
				CE266D1A29803E8D00D6E038 /* NetworkModel.swift in Sources */,
				CE39D7FA299A5E45009F4202 /* SingerTrackDetailsUseCase.swift in Sources */,
			);
			runOnlyForDeploymentPostprocessing = 0;
		};
		CE266CD529802E6400D6E038 /* Sources */ = {
			isa = PBXSourcesBuildPhase;
			buildActionMask = 2147483647;
			files = (
				CE39D7F0299984CF009F4202 /* RouterMock.swift in Sources */,
				CE266CDE29802E6400D6E038 /* SingerTrackDetailsCoordinatorTests.swift in Sources */,
				CE39D7F2299989BE009F4202 /* CoordinatorsTests.swift in Sources */,
			);
			runOnlyForDeploymentPostprocessing = 0;
		};
		CE266CDF29802E6400D6E038 /* Sources */ = {
			isa = PBXSourcesBuildPhase;
			buildActionMask = 2147483647;
			files = (
				CE266CEA29802E6400D6E038 /* iTunesSearchUITestsLaunchTests.swift in Sources */,
				CE266CE829802E6400D6E038 /* iTunesSearchUITests.swift in Sources */,
			);
			runOnlyForDeploymentPostprocessing = 0;
		};
/* End PBXSourcesBuildPhase section */

/* Begin PBXTargetDependency section */
		CE266CDB29802E6400D6E038 /* PBXTargetDependency */ = {
			isa = PBXTargetDependency;
			target = CE266CC229802E6200D6E038 /* iTunesSearch */;
			targetProxy = CE266CDA29802E6400D6E038 /* PBXContainerItemProxy */;
		};
		CE266CE529802E6400D6E038 /* PBXTargetDependency */ = {
			isa = PBXTargetDependency;
			target = CE266CC229802E6200D6E038 /* iTunesSearch */;
			targetProxy = CE266CE429802E6400D6E038 /* PBXContainerItemProxy */;
		};
/* End PBXTargetDependency section */

/* Begin PBXVariantGroup section */
		CE266CD129802E6300D6E038 /* LaunchScreen.storyboard */ = {
			isa = PBXVariantGroup;
			children = (
				CE266CD229802E6300D6E038 /* Base */,
				CE39D7D62993C90E009F4202 /* uk */,
			);
			name = LaunchScreen.storyboard;
			sourceTree = "<group>";
		};
		CE39D7D32993C85F009F4202 /* Localizable.strings */ = {
			isa = PBXVariantGroup;
			children = (
				CE39D7D22993C85F009F4202 /* en */,
				CE39D7D72993C90E009F4202 /* uk */,
			);
			name = Localizable.strings;
			sourceTree = "<group>";
		};
/* End PBXVariantGroup section */

/* Begin XCBuildConfiguration section */
		CE266CEB29802E6400D6E038 /* Debug */ = {
			isa = XCBuildConfiguration;
			buildSettings = {
				ALWAYS_SEARCH_USER_PATHS = NO;
				CLANG_ANALYZER_LOCALIZABILITY_NONLOCALIZED = YES;
				CLANG_ANALYZER_NONNULL = YES;
				CLANG_ANALYZER_NUMBER_OBJECT_CONVERSION = YES_AGGRESSIVE;
				CLANG_CXX_LANGUAGE_STANDARD = "gnu++20";
				CLANG_ENABLE_MODULES = YES;
				CLANG_ENABLE_OBJC_ARC = YES;
				CLANG_ENABLE_OBJC_WEAK = YES;
				CLANG_WARN_BLOCK_CAPTURE_AUTORELEASING = YES;
				CLANG_WARN_BOOL_CONVERSION = YES;
				CLANG_WARN_COMMA = YES;
				CLANG_WARN_CONSTANT_CONVERSION = YES;
				CLANG_WARN_DEPRECATED_OBJC_IMPLEMENTATIONS = YES;
				CLANG_WARN_DIRECT_OBJC_ISA_USAGE = YES_ERROR;
				CLANG_WARN_DOCUMENTATION_COMMENTS = YES;
				CLANG_WARN_EMPTY_BODY = YES;
				CLANG_WARN_ENUM_CONVERSION = YES;
				CLANG_WARN_INFINITE_RECURSION = YES;
				CLANG_WARN_INT_CONVERSION = YES;
				CLANG_WARN_NON_LITERAL_NULL_CONVERSION = YES;
				CLANG_WARN_OBJC_IMPLICIT_RETAIN_SELF = YES;
				CLANG_WARN_OBJC_LITERAL_CONVERSION = YES;
				CLANG_WARN_OBJC_ROOT_CLASS = YES_ERROR;
				CLANG_WARN_QUOTED_INCLUDE_IN_FRAMEWORK_HEADER = YES;
				CLANG_WARN_RANGE_LOOP_ANALYSIS = YES;
				CLANG_WARN_STRICT_PROTOTYPES = YES;
				CLANG_WARN_SUSPICIOUS_MOVE = YES;
				CLANG_WARN_UNGUARDED_AVAILABILITY = YES_AGGRESSIVE;
				CLANG_WARN_UNREACHABLE_CODE = YES;
				CLANG_WARN__DUPLICATE_METHOD_MATCH = YES;
				COPY_PHASE_STRIP = NO;
				DEBUG_INFORMATION_FORMAT = dwarf;
				ENABLE_STRICT_OBJC_MSGSEND = YES;
				ENABLE_TESTABILITY = YES;
				GCC_C_LANGUAGE_STANDARD = gnu11;
				GCC_DYNAMIC_NO_PIC = NO;
				GCC_NO_COMMON_BLOCKS = YES;
				GCC_OPTIMIZATION_LEVEL = 0;
				GCC_PREPROCESSOR_DEFINITIONS = (
					"DEBUG=1",
					"$(inherited)",
				);
				GCC_WARN_64_TO_32_BIT_CONVERSION = YES;
				GCC_WARN_ABOUT_RETURN_TYPE = YES_ERROR;
				GCC_WARN_UNDECLARED_SELECTOR = YES;
				GCC_WARN_UNINITIALIZED_AUTOS = YES_AGGRESSIVE;
				GCC_WARN_UNUSED_FUNCTION = YES;
				GCC_WARN_UNUSED_VARIABLE = YES;
				IPHONEOS_DEPLOYMENT_TARGET = 16.1;
				MTL_ENABLE_DEBUG_INFO = INCLUDE_SOURCE;
				MTL_FAST_MATH = YES;
				ONLY_ACTIVE_ARCH = YES;
				SDKROOT = iphoneos;
				SWIFT_ACTIVE_COMPILATION_CONDITIONS = DEBUG;
				SWIFT_OPTIMIZATION_LEVEL = "-Onone";
			};
			name = Debug;
		};
		CE266CEC29802E6400D6E038 /* Release */ = {
			isa = XCBuildConfiguration;
			buildSettings = {
				ALWAYS_SEARCH_USER_PATHS = NO;
				CLANG_ANALYZER_LOCALIZABILITY_NONLOCALIZED = YES;
				CLANG_ANALYZER_NONNULL = YES;
				CLANG_ANALYZER_NUMBER_OBJECT_CONVERSION = YES_AGGRESSIVE;
				CLANG_CXX_LANGUAGE_STANDARD = "gnu++20";
				CLANG_ENABLE_MODULES = YES;
				CLANG_ENABLE_OBJC_ARC = YES;
				CLANG_ENABLE_OBJC_WEAK = YES;
				CLANG_WARN_BLOCK_CAPTURE_AUTORELEASING = YES;
				CLANG_WARN_BOOL_CONVERSION = YES;
				CLANG_WARN_COMMA = YES;
				CLANG_WARN_CONSTANT_CONVERSION = YES;
				CLANG_WARN_DEPRECATED_OBJC_IMPLEMENTATIONS = YES;
				CLANG_WARN_DIRECT_OBJC_ISA_USAGE = YES_ERROR;
				CLANG_WARN_DOCUMENTATION_COMMENTS = YES;
				CLANG_WARN_EMPTY_BODY = YES;
				CLANG_WARN_ENUM_CONVERSION = YES;
				CLANG_WARN_INFINITE_RECURSION = YES;
				CLANG_WARN_INT_CONVERSION = YES;
				CLANG_WARN_NON_LITERAL_NULL_CONVERSION = YES;
				CLANG_WARN_OBJC_IMPLICIT_RETAIN_SELF = YES;
				CLANG_WARN_OBJC_LITERAL_CONVERSION = YES;
				CLANG_WARN_OBJC_ROOT_CLASS = YES_ERROR;
				CLANG_WARN_QUOTED_INCLUDE_IN_FRAMEWORK_HEADER = YES;
				CLANG_WARN_RANGE_LOOP_ANALYSIS = YES;
				CLANG_WARN_STRICT_PROTOTYPES = YES;
				CLANG_WARN_SUSPICIOUS_MOVE = YES;
				CLANG_WARN_UNGUARDED_AVAILABILITY = YES_AGGRESSIVE;
				CLANG_WARN_UNREACHABLE_CODE = YES;
				CLANG_WARN__DUPLICATE_METHOD_MATCH = YES;
				COPY_PHASE_STRIP = NO;
				DEBUG_INFORMATION_FORMAT = "dwarf-with-dsym";
				ENABLE_NS_ASSERTIONS = NO;
				ENABLE_STRICT_OBJC_MSGSEND = YES;
				ENABLE_TESTABILITY = YES;
				GCC_C_LANGUAGE_STANDARD = gnu11;
				GCC_NO_COMMON_BLOCKS = YES;
				GCC_WARN_64_TO_32_BIT_CONVERSION = YES;
				GCC_WARN_ABOUT_RETURN_TYPE = YES_ERROR;
				GCC_WARN_UNDECLARED_SELECTOR = YES;
				GCC_WARN_UNINITIALIZED_AUTOS = YES_AGGRESSIVE;
				GCC_WARN_UNUSED_FUNCTION = YES;
				GCC_WARN_UNUSED_VARIABLE = YES;
				IPHONEOS_DEPLOYMENT_TARGET = 16.1;
				MTL_ENABLE_DEBUG_INFO = NO;
				MTL_FAST_MATH = YES;
				SDKROOT = iphoneos;
				SWIFT_COMPILATION_MODE = wholemodule;
				SWIFT_OPTIMIZATION_LEVEL = "-O";
				VALIDATE_PRODUCT = YES;
			};
			name = Release;
		};
		CE266CEE29802E6400D6E038 /* Debug */ = {
			isa = XCBuildConfiguration;
			buildSettings = {
				ASSETCATALOG_COMPILER_APPICON_NAME = AppIcon;
				ASSETCATALOG_COMPILER_GLOBAL_ACCENT_COLOR_NAME = AccentColor;
				CODE_SIGN_STYLE = Automatic;
				CURRENT_PROJECT_VERSION = 1;
				DEVELOPMENT_TEAM = YSQD9849J2;
				GENERATE_INFOPLIST_FILE = YES;
				INFOPLIST_FILE = iTunesSearch/Resources/Info.plist;
				INFOPLIST_KEY_UIApplicationSupportsIndirectInputEvents = YES;
				INFOPLIST_KEY_UILaunchStoryboardName = LaunchScreen;
				INFOPLIST_KEY_UISupportedInterfaceOrientations_iPad = "UIInterfaceOrientationPortrait UIInterfaceOrientationPortraitUpsideDown UIInterfaceOrientationLandscapeLeft UIInterfaceOrientationLandscapeRight";
				INFOPLIST_KEY_UISupportedInterfaceOrientations_iPhone = "UIInterfaceOrientationPortrait UIInterfaceOrientationLandscapeLeft UIInterfaceOrientationLandscapeRight";
				LD_RUNPATH_SEARCH_PATHS = (
					"$(inherited)",
					"@executable_path/Frameworks",
				);
				MARKETING_VERSION = 1.0;
				PRODUCT_BUNDLE_IDENTIFIER = com.iTunesSearch;
				PRODUCT_NAME = "$(TARGET_NAME)";
				SWIFT_EMIT_LOC_STRINGS = YES;
				SWIFT_VERSION = 5.0;
				TARGETED_DEVICE_FAMILY = "1,2";
			};
			name = Debug;
		};
		CE266CEF29802E6400D6E038 /* Release */ = {
			isa = XCBuildConfiguration;
			buildSettings = {
				ASSETCATALOG_COMPILER_APPICON_NAME = AppIcon;
				ASSETCATALOG_COMPILER_GLOBAL_ACCENT_COLOR_NAME = AccentColor;
				CODE_SIGN_STYLE = Automatic;
				CURRENT_PROJECT_VERSION = 1;
				DEVELOPMENT_TEAM = YSQD9849J2;
				GENERATE_INFOPLIST_FILE = YES;
				INFOPLIST_FILE = iTunesSearch/Resources/Info.plist;
				INFOPLIST_KEY_UIApplicationSupportsIndirectInputEvents = YES;
				INFOPLIST_KEY_UILaunchStoryboardName = LaunchScreen;
				INFOPLIST_KEY_UISupportedInterfaceOrientations_iPad = "UIInterfaceOrientationPortrait UIInterfaceOrientationPortraitUpsideDown UIInterfaceOrientationLandscapeLeft UIInterfaceOrientationLandscapeRight";
				INFOPLIST_KEY_UISupportedInterfaceOrientations_iPhone = "UIInterfaceOrientationPortrait UIInterfaceOrientationLandscapeLeft UIInterfaceOrientationLandscapeRight";
				LD_RUNPATH_SEARCH_PATHS = (
					"$(inherited)",
					"@executable_path/Frameworks",
				);
				MARKETING_VERSION = 1.0;
				PRODUCT_BUNDLE_IDENTIFIER = com.iTunesSearch;
				PRODUCT_NAME = "$(TARGET_NAME)";
				SWIFT_EMIT_LOC_STRINGS = YES;
				SWIFT_VERSION = 5.0;
				TARGETED_DEVICE_FAMILY = "1,2";
			};
			name = Release;
		};
		CE266CF129802E6400D6E038 /* Debug */ = {
			isa = XCBuildConfiguration;
			buildSettings = {
				ALWAYS_EMBED_SWIFT_STANDARD_LIBRARIES = YES;
				BUNDLE_LOADER = "$(TEST_HOST)";
				CODE_SIGN_STYLE = Automatic;
				CURRENT_PROJECT_VERSION = 1;
				DEVELOPMENT_TEAM = YSQD9849J2;
				GENERATE_INFOPLIST_FILE = YES;
				IPHONEOS_DEPLOYMENT_TARGET = 16.1;
				MARKETING_VERSION = 1.0;
				PRODUCT_BUNDLE_IDENTIFIER = com.iTunesSearchTests;
				PRODUCT_NAME = "$(TARGET_NAME)";
				SWIFT_EMIT_LOC_STRINGS = NO;
				SWIFT_VERSION = 5.0;
				TARGETED_DEVICE_FAMILY = "1,2";
				TEST_HOST = "$(BUILT_PRODUCTS_DIR)/iTunesSearch.app/$(BUNDLE_EXECUTABLE_FOLDER_PATH)/iTunesSearch";
			};
			name = Debug;
		};
		CE266CF229802E6400D6E038 /* Release */ = {
			isa = XCBuildConfiguration;
			buildSettings = {
				ALWAYS_EMBED_SWIFT_STANDARD_LIBRARIES = YES;
				BUNDLE_LOADER = "$(TEST_HOST)";
				CODE_SIGN_STYLE = Automatic;
				CURRENT_PROJECT_VERSION = 1;
				DEVELOPMENT_TEAM = YSQD9849J2;
				GENERATE_INFOPLIST_FILE = YES;
				IPHONEOS_DEPLOYMENT_TARGET = 16.1;
				MARKETING_VERSION = 1.0;
				PRODUCT_BUNDLE_IDENTIFIER = com.iTunesSearchTests;
				PRODUCT_NAME = "$(TARGET_NAME)";
				SWIFT_EMIT_LOC_STRINGS = NO;
				SWIFT_VERSION = 5.0;
				TARGETED_DEVICE_FAMILY = "1,2";
				TEST_HOST = "$(BUILT_PRODUCTS_DIR)/iTunesSearch.app/$(BUNDLE_EXECUTABLE_FOLDER_PATH)/iTunesSearch";
			};
			name = Release;
		};
		CE266CF429802E6400D6E038 /* Debug */ = {
			isa = XCBuildConfiguration;
			buildSettings = {
				ALWAYS_EMBED_SWIFT_STANDARD_LIBRARIES = YES;
				CODE_SIGN_STYLE = Automatic;
				CURRENT_PROJECT_VERSION = 1;
				DEVELOPMENT_TEAM = YSQD9849J2;
				GENERATE_INFOPLIST_FILE = YES;
				MARKETING_VERSION = 1.0;
				PRODUCT_BUNDLE_IDENTIFIER = com.iTunesSearchUITests;
				PRODUCT_NAME = "$(TARGET_NAME)";
				SWIFT_EMIT_LOC_STRINGS = NO;
				SWIFT_VERSION = 5.0;
				TARGETED_DEVICE_FAMILY = "1,2";
				TEST_TARGET_NAME = iTunesSearch;
			};
			name = Debug;
		};
		CE266CF529802E6400D6E038 /* Release */ = {
			isa = XCBuildConfiguration;
			buildSettings = {
				ALWAYS_EMBED_SWIFT_STANDARD_LIBRARIES = YES;
				CODE_SIGN_STYLE = Automatic;
				CURRENT_PROJECT_VERSION = 1;
				DEVELOPMENT_TEAM = YSQD9849J2;
				GENERATE_INFOPLIST_FILE = YES;
				MARKETING_VERSION = 1.0;
				PRODUCT_BUNDLE_IDENTIFIER = com.iTunesSearchUITests;
				PRODUCT_NAME = "$(TARGET_NAME)";
				SWIFT_EMIT_LOC_STRINGS = NO;
				SWIFT_VERSION = 5.0;
				TARGETED_DEVICE_FAMILY = "1,2";
				TEST_TARGET_NAME = iTunesSearch;
			};
			name = Release;
		};
/* End XCBuildConfiguration section */

/* Begin XCConfigurationList section */
		CE266CBE29802E6200D6E038 /* Build configuration list for PBXProject "iTunesSearch" */ = {
			isa = XCConfigurationList;
			buildConfigurations = (
				CE266CEB29802E6400D6E038 /* Debug */,
				CE266CEC29802E6400D6E038 /* Release */,
			);
			defaultConfigurationIsVisible = 0;
			defaultConfigurationName = Release;
		};
		CE266CED29802E6400D6E038 /* Build configuration list for PBXNativeTarget "iTunesSearch" */ = {
			isa = XCConfigurationList;
			buildConfigurations = (
				CE266CEE29802E6400D6E038 /* Debug */,
				CE266CEF29802E6400D6E038 /* Release */,
			);
			defaultConfigurationIsVisible = 0;
			defaultConfigurationName = Release;
		};
		CE266CF029802E6400D6E038 /* Build configuration list for PBXNativeTarget "iTunesSearchTests" */ = {
			isa = XCConfigurationList;
			buildConfigurations = (
				CE266CF129802E6400D6E038 /* Debug */,
				CE266CF229802E6400D6E038 /* Release */,
			);
			defaultConfigurationIsVisible = 0;
			defaultConfigurationName = Release;
		};
		CE266CF329802E6400D6E038 /* Build configuration list for PBXNativeTarget "iTunesSearchUITests" */ = {
			isa = XCConfigurationList;
			buildConfigurations = (
				CE266CF429802E6400D6E038 /* Debug */,
				CE266CF529802E6400D6E038 /* Release */,
			);
			defaultConfigurationIsVisible = 0;
			defaultConfigurationName = Release;
		};
/* End XCConfigurationList section */

/* Begin XCVersionGroup section */
		CE266D55298162A900D6E038 /* SingerTrackDataModel.xcdatamodeld */ = {
			isa = XCVersionGroup;
			children = (
				CE266D56298162A900D6E038 /* SingerTrackDataModel.xcdatamodel */,
			);
			currentVersion = CE266D56298162A900D6E038 /* SingerTrackDataModel.xcdatamodel */;
			path = SingerTrackDataModel.xcdatamodeld;
			sourceTree = "<group>";
			versionGroupType = wrapper.xcdatamodel;
		};
/* End XCVersionGroup section */
	};
	rootObject = CE266CBB29802E6200D6E038 /* Project object */;
}
