// !$*UTF8*$!
{
	archiveVersion = 1;
	classes = {
	};
	objectVersion = 56;
	objects = {

/* Begin PBXBuildFile section */
		CE39DBC129A54E57009F4202 /* Domain_Layer.docc in Sources */ = {isa = PBXBuildFile; fileRef = CE39DBC029A54E57009F4202 /* Domain_Layer.docc */; };
		CE39DBC729A54E57009F4202 /* Domain_Layer.framework in Frameworks */ = {isa = PBXBuildFile; fileRef = CE39DBBC29A54E57009F4202 /* Domain_Layer.framework */; };
		CE39DBCC29A54E57009F4202 /* Domain_LayerTests.swift in Sources */ = {isa = PBXBuildFile; fileRef = CE39DBCB29A54E57009F4202 /* Domain_LayerTests.swift */; };
		CE39DBCD29A54E57009F4202 /* Domain_Layer.h in Headers */ = {isa = PBXBuildFile; fileRef = CE39DBBF29A54E57009F4202 /* Domain_Layer.h */; settings = {ATTRIBUTES = (Public, ); }; };
		CE39DBE829A54E99009F4202 /* SingerTrackDetailsUseCase.swift in Sources */ = {isa = PBXBuildFile; fileRef = CE39DBD829A54E99009F4202 /* SingerTrackDetailsUseCase.swift */; };
		CE39DBE929A54E99009F4202 /* SingerTrackDetailsUseCaseInterface.swift in Sources */ = {isa = PBXBuildFile; fileRef = CE39DBDA29A54E99009F4202 /* SingerTrackDetailsUseCaseInterface.swift */; };
		CE39DBEA29A54E99009F4202 /* AudioPlayerUseCase.swift in Sources */ = {isa = PBXBuildFile; fileRef = CE39DBDC29A54E99009F4202 /* AudioPlayerUseCase.swift */; };
		CE39DBEB29A54E99009F4202 /* AudioPlayerUseCaseInterface.swift in Sources */ = {isa = PBXBuildFile; fileRef = CE39DBDE29A54E99009F4202 /* AudioPlayerUseCaseInterface.swift */; };
		CE39DBEC29A54E99009F4202 /* DownloadSingerTrackUseCase.swift in Sources */ = {isa = PBXBuildFile; fileRef = CE39DBE129A54E99009F4202 /* DownloadSingerTrackUseCase.swift */; };
		CE39DBED29A54E99009F4202 /* SingerTracksWorkerUseCase.swift in Sources */ = {isa = PBXBuildFile; fileRef = CE39DBE229A54E99009F4202 /* SingerTracksWorkerUseCase.swift */; };
		CE39DBEE29A54E99009F4202 /* StorageSingerTracksUseCase.swift in Sources */ = {isa = PBXBuildFile; fileRef = CE39DBE329A54E99009F4202 /* StorageSingerTracksUseCase.swift */; };
		CE39DBEF29A54E99009F4202 /* StorageSingerTracksUseCaseInterface.swift in Sources */ = {isa = PBXBuildFile; fileRef = CE39DBE529A54E99009F4202 /* StorageSingerTracksUseCaseInterface.swift */; };
		CE39DBF029A54E99009F4202 /* DownloadSingerTrackUseCaseInterface.swift in Sources */ = {isa = PBXBuildFile; fileRef = CE39DBE629A54E99009F4202 /* DownloadSingerTrackUseCaseInterface.swift */; };
		CE39DBF129A54E99009F4202 /* SingerTracksWorkerUseCaseInterface.swift in Sources */ = {isa = PBXBuildFile; fileRef = CE39DBE729A54E99009F4202 /* SingerTracksWorkerUseCaseInterface.swift */; };
		CE39DC0529A54EE7009F4202 /* Data_Layer.framework in Frameworks */ = {isa = PBXBuildFile; fileRef = CE39DBF829A54ECA009F4202 /* Data_Layer.framework */; };
		CE39DC0629A54EE7009F4202 /* Data_Layer.framework in Embed Frameworks */ = {isa = PBXBuildFile; fileRef = CE39DBF829A54ECA009F4202 /* Data_Layer.framework */; settings = {ATTRIBUTES = (CodeSignOnCopy, RemoveHeadersOnCopy, ); }; };
		CE39DC0729A54EE7009F4202 /* Infrastructure.framework in Frameworks */ = {isa = PBXBuildFile; fileRef = CE39DC0129A54ED3009F4202 /* Infrastructure.framework */; };
		CE39DC0829A54EE7009F4202 /* Infrastructure.framework in Embed Frameworks */ = {isa = PBXBuildFile; fileRef = CE39DC0129A54ED3009F4202 /* Infrastructure.framework */; settings = {ATTRIBUTES = (CodeSignOnCopy, RemoveHeadersOnCopy, ); }; };
		CE39DC0D29A550A8009F4202 /* Constants.swift in Sources */ = {isa = PBXBuildFile; fileRef = CE39DC0C29A550A8009F4202 /* Constants.swift */; };
		CE39DC1429A556B0009F4202 /* NSError.swift in Sources */ = {isa = PBXBuildFile; fileRef = CE39DC1329A556B0009F4202 /* NSError.swift */; };
/* End PBXBuildFile section */

/* Begin PBXContainerItemProxy section */
		CE39DBC829A54E57009F4202 /* PBXContainerItemProxy */ = {
			isa = PBXContainerItemProxy;
			containerPortal = CE39DBB329A54E57009F4202 /* Project object */;
			proxyType = 1;
			remoteGlobalIDString = CE39DBBB29A54E57009F4202;
			remoteInfo = "Domain Layer";
		};
		CE39DBF729A54ECA009F4202 /* PBXContainerItemProxy */ = {
			isa = PBXContainerItemProxy;
			containerPortal = CE39DBF229A54ECA009F4202 /* Data Layer.xcodeproj */;
			proxyType = 2;
			remoteGlobalIDString = CE39DB7229A54BCC009F4202;
			remoteInfo = "Data Layer";
		};
		CE39DBF929A54ECA009F4202 /* PBXContainerItemProxy */ = {
			isa = PBXContainerItemProxy;
			containerPortal = CE39DBF229A54ECA009F4202 /* Data Layer.xcodeproj */;
			proxyType = 2;
			remoteGlobalIDString = CE39DB7C29A54BCD009F4202;
			remoteInfo = "Data LayerTests";
		};
		CE39DC0029A54ED3009F4202 /* PBXContainerItemProxy */ = {
			isa = PBXContainerItemProxy;
			containerPortal = CE39DBFB29A54ED3009F4202 /* Infrastructure.xcodeproj */;
			proxyType = 2;
			remoteGlobalIDString = CE39DB1F29A542A3009F4202;
			remoteInfo = Infrastructure;
		};
		CE39DC0229A54ED3009F4202 /* PBXContainerItemProxy */ = {
			isa = PBXContainerItemProxy;
			containerPortal = CE39DBFB29A54ED3009F4202 /* Infrastructure.xcodeproj */;
			proxyType = 2;
			remoteGlobalIDString = CE39DB2929A542A3009F4202;
			remoteInfo = InfrastructureTests;
		};
/* End PBXContainerItemProxy section */

/* Begin PBXCopyFilesBuildPhase section */
		CE39DC0929A54EE7009F4202 /* Embed Frameworks */ = {
			isa = PBXCopyFilesBuildPhase;
			buildActionMask = 2147483647;
			dstPath = "";
			dstSubfolderSpec = 10;
			files = (
				CE39DC0629A54EE7009F4202 /* Data_Layer.framework in Embed Frameworks */,
				CE39DC0829A54EE7009F4202 /* Infrastructure.framework in Embed Frameworks */,
			);
			name = "Embed Frameworks";
			runOnlyForDeploymentPostprocessing = 0;
		};
/* End PBXCopyFilesBuildPhase section */

/* Begin PBXFileReference section */
		CE39DBBC29A54E57009F4202 /* Domain_Layer.framework */ = {isa = PBXFileReference; explicitFileType = wrapper.framework; includeInIndex = 0; path = Domain_Layer.framework; sourceTree = BUILT_PRODUCTS_DIR; };
		CE39DBBF29A54E57009F4202 /* Domain_Layer.h */ = {isa = PBXFileReference; lastKnownFileType = sourcecode.c.h; path = Domain_Layer.h; sourceTree = "<group>"; };
		CE39DBC029A54E57009F4202 /* Domain_Layer.docc */ = {isa = PBXFileReference; lastKnownFileType = folder.documentationcatalog; path = Domain_Layer.docc; sourceTree = "<group>"; };
		CE39DBC629A54E57009F4202 /* Domain LayerTests.xctest */ = {isa = PBXFileReference; explicitFileType = wrapper.cfbundle; includeInIndex = 0; path = "Domain LayerTests.xctest"; sourceTree = BUILT_PRODUCTS_DIR; };
		CE39DBCB29A54E57009F4202 /* Domain_LayerTests.swift */ = {isa = PBXFileReference; lastKnownFileType = sourcecode.swift; path = Domain_LayerTests.swift; sourceTree = "<group>"; };
		CE39DBD829A54E99009F4202 /* SingerTrackDetailsUseCase.swift */ = {isa = PBXFileReference; fileEncoding = 4; lastKnownFileType = sourcecode.swift; path = SingerTrackDetailsUseCase.swift; sourceTree = "<group>"; };
		CE39DBDA29A54E99009F4202 /* SingerTrackDetailsUseCaseInterface.swift */ = {isa = PBXFileReference; fileEncoding = 4; lastKnownFileType = sourcecode.swift; path = SingerTrackDetailsUseCaseInterface.swift; sourceTree = "<group>"; };
		CE39DBDC29A54E99009F4202 /* AudioPlayerUseCase.swift */ = {isa = PBXFileReference; fileEncoding = 4; lastKnownFileType = sourcecode.swift; path = AudioPlayerUseCase.swift; sourceTree = "<group>"; };
		CE39DBDE29A54E99009F4202 /* AudioPlayerUseCaseInterface.swift */ = {isa = PBXFileReference; fileEncoding = 4; lastKnownFileType = sourcecode.swift; path = AudioPlayerUseCaseInterface.swift; sourceTree = "<group>"; };
		CE39DBE129A54E99009F4202 /* DownloadSingerTrackUseCase.swift */ = {isa = PBXFileReference; fileEncoding = 4; lastKnownFileType = sourcecode.swift; path = DownloadSingerTrackUseCase.swift; sourceTree = "<group>"; };
		CE39DBE229A54E99009F4202 /* SingerTracksWorkerUseCase.swift */ = {isa = PBXFileReference; fileEncoding = 4; lastKnownFileType = sourcecode.swift; path = SingerTracksWorkerUseCase.swift; sourceTree = "<group>"; };
		CE39DBE329A54E99009F4202 /* StorageSingerTracksUseCase.swift */ = {isa = PBXFileReference; fileEncoding = 4; lastKnownFileType = sourcecode.swift; path = StorageSingerTracksUseCase.swift; sourceTree = "<group>"; };
		CE39DBE529A54E99009F4202 /* StorageSingerTracksUseCaseInterface.swift */ = {isa = PBXFileReference; fileEncoding = 4; lastKnownFileType = sourcecode.swift; path = StorageSingerTracksUseCaseInterface.swift; sourceTree = "<group>"; };
		CE39DBE629A54E99009F4202 /* DownloadSingerTrackUseCaseInterface.swift */ = {isa = PBXFileReference; fileEncoding = 4; lastKnownFileType = sourcecode.swift; path = DownloadSingerTrackUseCaseInterface.swift; sourceTree = "<group>"; };
		CE39DBE729A54E99009F4202 /* SingerTracksWorkerUseCaseInterface.swift */ = {isa = PBXFileReference; fileEncoding = 4; lastKnownFileType = sourcecode.swift; path = SingerTracksWorkerUseCaseInterface.swift; sourceTree = "<group>"; };
		CE39DBF229A54ECA009F4202 /* Data Layer.xcodeproj */ = {isa = PBXFileReference; lastKnownFileType = "wrapper.pb-project"; name = "Data Layer.xcodeproj"; path = "../Data Layer/Data Layer.xcodeproj"; sourceTree = "<group>"; };
		CE39DBFB29A54ED3009F4202 /* Infrastructure.xcodeproj */ = {isa = PBXFileReference; lastKnownFileType = "wrapper.pb-project"; name = Infrastructure.xcodeproj; path = ../Infrastructure/Infrastructure.xcodeproj; sourceTree = "<group>"; };
		CE39DC0C29A550A8009F4202 /* Constants.swift */ = {isa = PBXFileReference; lastKnownFileType = sourcecode.swift; path = Constants.swift; sourceTree = "<group>"; };
		CE39DC1329A556B0009F4202 /* NSError.swift */ = {isa = PBXFileReference; lastKnownFileType = sourcecode.swift; path = NSError.swift; sourceTree = "<group>"; };
/* End PBXFileReference section */

/* Begin PBXFrameworksBuildPhase section */
		CE39DBB929A54E57009F4202 /* Frameworks */ = {
			isa = PBXFrameworksBuildPhase;
			buildActionMask = 2147483647;
			files = (
				CE39DC0529A54EE7009F4202 /* Data_Layer.framework in Frameworks */,
				CE39DC0729A54EE7009F4202 /* Infrastructure.framework in Frameworks */,
			);
			runOnlyForDeploymentPostprocessing = 0;
		};
		CE39DBC329A54E57009F4202 /* Frameworks */ = {
			isa = PBXFrameworksBuildPhase;
			buildActionMask = 2147483647;
			files = (
				CE39DBC729A54E57009F4202 /* Domain_Layer.framework in Frameworks */,
			);
			runOnlyForDeploymentPostprocessing = 0;
		};
/* End PBXFrameworksBuildPhase section */

/* Begin PBXGroup section */
		CE39DBB229A54E57009F4202 = {
			isa = PBXGroup;
			children = (
				CE39DBBE29A54E57009F4202 /* Domain Layer */,
				CE39DBF229A54ECA009F4202 /* Data Layer.xcodeproj */,
				CE39DBFB29A54ED3009F4202 /* Infrastructure.xcodeproj */,
				CE39DC0B29A5508F009F4202 /* Extensions */,
				CE39DC0A29A55089009F4202 /* Constants */,
				CE39DBCA29A54E57009F4202 /* Domain LayerTests */,
				CE39DBBD29A54E57009F4202 /* Products */,
				CE39DC0429A54EE7009F4202 /* Frameworks */,
			);
			sourceTree = "<group>";
		};
		CE39DBBD29A54E57009F4202 /* Products */ = {
			isa = PBXGroup;
			children = (
				CE39DBBC29A54E57009F4202 /* Domain_Layer.framework */,
				CE39DBC629A54E57009F4202 /* Domain LayerTests.xctest */,
			);
			name = Products;
			sourceTree = "<group>";
		};
		CE39DBBE29A54E57009F4202 /* Domain Layer */ = {
			isa = PBXGroup;
			children = (
				CE39DBBF29A54E57009F4202 /* Domain_Layer.h */,
				CE39DBDB29A54E99009F4202 /* Common Use Cases */,
				CE39DBD629A54E99009F4202 /* Singer Track Details Screen */,
				CE39DBDF29A54E99009F4202 /* Singer Tracks Screen */,
				CE39DBC029A54E57009F4202 /* Domain_Layer.docc */,
			);
			path = "Domain Layer";
			sourceTree = "<group>";
		};
		CE39DBCA29A54E57009F4202 /* Domain LayerTests */ = {
			isa = PBXGroup;
			children = (
				CE39DBCB29A54E57009F4202 /* Domain_LayerTests.swift */,
			);
			path = "Domain LayerTests";
			sourceTree = "<group>";
		};
		CE39DBD629A54E99009F4202 /* Singer Track Details Screen */ = {
			isa = PBXGroup;
			children = (
				CE39DBD729A54E99009F4202 /* UseCases */,
			);
			path = "Singer Track Details Screen";
			sourceTree = "<group>";
		};
		CE39DBD729A54E99009F4202 /* UseCases */ = {
			isa = PBXGroup;
			children = (
				CE39DBD829A54E99009F4202 /* SingerTrackDetailsUseCase.swift */,
				CE39DBD929A54E99009F4202 /* Interfaces */,
			);
			path = UseCases;
			sourceTree = "<group>";
		};
		CE39DBD929A54E99009F4202 /* Interfaces */ = {
			isa = PBXGroup;
			children = (
				CE39DBDA29A54E99009F4202 /* SingerTrackDetailsUseCaseInterface.swift */,
			);
			path = Interfaces;
			sourceTree = "<group>";
		};
		CE39DBDB29A54E99009F4202 /* Common Use Cases */ = {
			isa = PBXGroup;
			children = (
				CE39DBDC29A54E99009F4202 /* AudioPlayerUseCase.swift */,
				CE39DBDD29A54E99009F4202 /* Interfaces */,
			);
			path = "Common Use Cases";
			sourceTree = "<group>";
		};
		CE39DBDD29A54E99009F4202 /* Interfaces */ = {
			isa = PBXGroup;
			children = (
				CE39DBDE29A54E99009F4202 /* AudioPlayerUseCaseInterface.swift */,
			);
			path = Interfaces;
			sourceTree = "<group>";
		};
		CE39DBDF29A54E99009F4202 /* Singer Tracks Screen */ = {
			isa = PBXGroup;
			children = (
				CE39DBE029A54E99009F4202 /* UseCases */,
			);
			path = "Singer Tracks Screen";
			sourceTree = "<group>";
		};
		CE39DBE029A54E99009F4202 /* UseCases */ = {
			isa = PBXGroup;
			children = (
				CE39DBE129A54E99009F4202 /* DownloadSingerTrackUseCase.swift */,
				CE39DBE229A54E99009F4202 /* SingerTracksWorkerUseCase.swift */,
				CE39DBE329A54E99009F4202 /* StorageSingerTracksUseCase.swift */,
				CE39DBE429A54E99009F4202 /* Interfaces */,
			);
			path = UseCases;
			sourceTree = "<group>";
		};
		CE39DBE429A54E99009F4202 /* Interfaces */ = {
			isa = PBXGroup;
			children = (
				CE39DBE529A54E99009F4202 /* StorageSingerTracksUseCaseInterface.swift */,
				CE39DBE629A54E99009F4202 /* DownloadSingerTrackUseCaseInterface.swift */,
				CE39DBE729A54E99009F4202 /* SingerTracksWorkerUseCaseInterface.swift */,
			);
			path = Interfaces;
			sourceTree = "<group>";
		};
		CE39DBF329A54ECA009F4202 /* Products */ = {
			isa = PBXGroup;
			children = (
				CE39DBF829A54ECA009F4202 /* Data_Layer.framework */,
				CE39DBFA29A54ECA009F4202 /* Data LayerTests.xctest */,
			);
			name = Products;
			sourceTree = "<group>";
		};
		CE39DBFC29A54ED3009F4202 /* Products */ = {
			isa = PBXGroup;
			children = (
				CE39DC0129A54ED3009F4202 /* Infrastructure.framework */,
				CE39DC0329A54ED3009F4202 /* InfrastructureTests.xctest */,
			);
			name = Products;
			sourceTree = "<group>";
		};
		CE39DC0429A54EE7009F4202 /* Frameworks */ = {
			isa = PBXGroup;
			children = (
			);
			name = Frameworks;
			sourceTree = "<group>";
		};
		CE39DC0A29A55089009F4202 /* Constants */ = {
			isa = PBXGroup;
			children = (
				CE39DC0C29A550A8009F4202 /* Constants.swift */,
			);
			path = Constants;
			sourceTree = "<group>";
		};
		CE39DC0B29A5508F009F4202 /* Extensions */ = {
			isa = PBXGroup;
			children = (
				CE39DC1329A556B0009F4202 /* NSError.swift */,
			);
			path = Extensions;
			sourceTree = "<group>";
		};
/* End PBXGroup section */

/* Begin PBXHeadersBuildPhase section */
		CE39DBB729A54E57009F4202 /* Headers */ = {
			isa = PBXHeadersBuildPhase;
			buildActionMask = 2147483647;
			files = (
				CE39DBCD29A54E57009F4202 /* Domain_Layer.h in Headers */,
			);
			runOnlyForDeploymentPostprocessing = 0;
		};
/* End PBXHeadersBuildPhase section */

/* Begin PBXNativeTarget section */
		CE39DBBB29A54E57009F4202 /* Domain Layer */ = {
			isa = PBXNativeTarget;
			buildConfigurationList = CE39DBD029A54E57009F4202 /* Build configuration list for PBXNativeTarget "Domain Layer" */;
			buildPhases = (
				CE39DBB729A54E57009F4202 /* Headers */,
				CE39DBB829A54E57009F4202 /* Sources */,
				CE39DBB929A54E57009F4202 /* Frameworks */,
				CE39DBBA29A54E57009F4202 /* Resources */,
				CE39DC0929A54EE7009F4202 /* Embed Frameworks */,
			);
			buildRules = (
			);
			dependencies = (
			);
			name = "Domain Layer";
			productName = "Domain Layer";
			productReference = CE39DBBC29A54E57009F4202 /* Domain_Layer.framework */;
			productType = "com.apple.product-type.framework";
		};
		CE39DBC529A54E57009F4202 /* Domain LayerTests */ = {
			isa = PBXNativeTarget;
			buildConfigurationList = CE39DBD329A54E57009F4202 /* Build configuration list for PBXNativeTarget "Domain LayerTests" */;
			buildPhases = (
				CE39DBC229A54E57009F4202 /* Sources */,
				CE39DBC329A54E57009F4202 /* Frameworks */,
				CE39DBC429A54E57009F4202 /* Resources */,
			);
			buildRules = (
			);
			dependencies = (
				CE39DBC929A54E57009F4202 /* PBXTargetDependency */,
			);
			name = "Domain LayerTests";
			productName = "Domain LayerTests";
			productReference = CE39DBC629A54E57009F4202 /* Domain LayerTests.xctest */;
			productType = "com.apple.product-type.bundle.unit-test";
		};
/* End PBXNativeTarget section */

/* Begin PBXProject section */
		CE39DBB329A54E57009F4202 /* Project object */ = {
			isa = PBXProject;
			attributes = {
				BuildIndependentTargetsInParallel = 1;
				LastSwiftUpdateCheck = 1410;
				LastUpgradeCheck = 1410;
				TargetAttributes = {
					CE39DBBB29A54E57009F4202 = {
						CreatedOnToolsVersion = 14.1;
					};
					CE39DBC529A54E57009F4202 = {
						CreatedOnToolsVersion = 14.1;
					};
				};
			};
			buildConfigurationList = CE39DBB629A54E57009F4202 /* Build configuration list for PBXProject "Domain Layer" */;
			compatibilityVersion = "Xcode 14.0";
			developmentRegion = en;
			hasScannedForEncodings = 0;
			knownRegions = (
				en,
				Base,
			);
			mainGroup = CE39DBB229A54E57009F4202;
			productRefGroup = CE39DBBD29A54E57009F4202 /* Products */;
			projectDirPath = "";
			projectReferences = (
				{
					ProductGroup = CE39DBF329A54ECA009F4202 /* Products */;
					ProjectRef = CE39DBF229A54ECA009F4202 /* Data Layer.xcodeproj */;
				},
				{
					ProductGroup = CE39DBFC29A54ED3009F4202 /* Products */;
					ProjectRef = CE39DBFB29A54ED3009F4202 /* Infrastructure.xcodeproj */;
				},
			);
			projectRoot = "";
			targets = (
				CE39DBBB29A54E57009F4202 /* Domain Layer */,
				CE39DBC529A54E57009F4202 /* Domain LayerTests */,
			);
		};
/* End PBXProject section */

/* Begin PBXReferenceProxy section */
		CE39DBF829A54ECA009F4202 /* Data_Layer.framework */ = {
			isa = PBXReferenceProxy;
			fileType = wrapper.framework;
			path = Data_Layer.framework;
			remoteRef = CE39DBF729A54ECA009F4202 /* PBXContainerItemProxy */;
			sourceTree = BUILT_PRODUCTS_DIR;
		};
		CE39DBFA29A54ECA009F4202 /* Data LayerTests.xctest */ = {
			isa = PBXReferenceProxy;
			fileType = wrapper.cfbundle;
			path = "Data LayerTests.xctest";
			remoteRef = CE39DBF929A54ECA009F4202 /* PBXContainerItemProxy */;
			sourceTree = BUILT_PRODUCTS_DIR;
		};
		CE39DC0129A54ED3009F4202 /* Infrastructure.framework */ = {
			isa = PBXReferenceProxy;
			fileType = wrapper.framework;
			path = Infrastructure.framework;
			remoteRef = CE39DC0029A54ED3009F4202 /* PBXContainerItemProxy */;
			sourceTree = BUILT_PRODUCTS_DIR;
		};
		CE39DC0329A54ED3009F4202 /* InfrastructureTests.xctest */ = {
			isa = PBXReferenceProxy;
			fileType = wrapper.cfbundle;
			path = InfrastructureTests.xctest;
			remoteRef = CE39DC0229A54ED3009F4202 /* PBXContainerItemProxy */;
			sourceTree = BUILT_PRODUCTS_DIR;
		};
/* End PBXReferenceProxy section */

/* Begin PBXResourcesBuildPhase section */
		CE39DBBA29A54E57009F4202 /* Resources */ = {
			isa = PBXResourcesBuildPhase;
			buildActionMask = 2147483647;
			files = (
			);
			runOnlyForDeploymentPostprocessing = 0;
		};
		CE39DBC429A54E57009F4202 /* Resources */ = {
			isa = PBXResourcesBuildPhase;
			buildActionMask = 2147483647;
			files = (
			);
			runOnlyForDeploymentPostprocessing = 0;
		};
/* End PBXResourcesBuildPhase section */

/* Begin PBXSourcesBuildPhase section */
		CE39DBB829A54E57009F4202 /* Sources */ = {
			isa = PBXSourcesBuildPhase;
			buildActionMask = 2147483647;
			files = (
				CE39DBF129A54E99009F4202 /* SingerTracksWorkerUseCaseInterface.swift in Sources */,
				CE39DBED29A54E99009F4202 /* SingerTracksWorkerUseCase.swift in Sources */,
				CE39DBEC29A54E99009F4202 /* DownloadSingerTrackUseCase.swift in Sources */,
				CE39DBEE29A54E99009F4202 /* StorageSingerTracksUseCase.swift in Sources */,
				CE39DBEB29A54E99009F4202 /* AudioPlayerUseCaseInterface.swift in Sources */,
				CE39DBEF29A54E99009F4202 /* StorageSingerTracksUseCaseInterface.swift in Sources */,
				CE39DBE829A54E99009F4202 /* SingerTrackDetailsUseCase.swift in Sources */,
				CE39DBE929A54E99009F4202 /* SingerTrackDetailsUseCaseInterface.swift in Sources */,
				CE39DC1429A556B0009F4202 /* NSError.swift in Sources */,
				CE39DBF029A54E99009F4202 /* DownloadSingerTrackUseCaseInterface.swift in Sources */,
				CE39DBC129A54E57009F4202 /* Domain_Layer.docc in Sources */,
				CE39DBEA29A54E99009F4202 /* AudioPlayerUseCase.swift in Sources */,
				CE39DC0D29A550A8009F4202 /* Constants.swift in Sources */,
			);
			runOnlyForDeploymentPostprocessing = 0;
		};
		CE39DBC229A54E57009F4202 /* Sources */ = {
			isa = PBXSourcesBuildPhase;
			buildActionMask = 2147483647;
			files = (
				CE39DBCC29A54E57009F4202 /* Domain_LayerTests.swift in Sources */,
			);
			runOnlyForDeploymentPostprocessing = 0;
		};
/* End PBXSourcesBuildPhase section */

/* Begin PBXTargetDependency section */
		CE39DBC929A54E57009F4202 /* PBXTargetDependency */ = {
			isa = PBXTargetDependency;
			target = CE39DBBB29A54E57009F4202 /* Domain Layer */;
			targetProxy = CE39DBC829A54E57009F4202 /* PBXContainerItemProxy */;
		};
/* End PBXTargetDependency section */

/* Begin XCBuildConfiguration section */
		CE39DBCE29A54E57009F4202 /* Debug */ = {
			isa = XCBuildConfiguration;
			buildSettings = {
				ALWAYS_SEARCH_USER_PATHS = NO;
				CLANG_ANALYZER_NONNULL = YES;
				CLANG_ANALYZER_NUMBER_OBJECT_CONVERSION = YES_AGGRESSIVE;
				CLANG_CXX_LANGUAGE_STANDARD = "gnu++20";
				CLANG_ENABLE_MODULES = YES;
				CLANG_ENABLE_OBJC_ARC = YES;
				CLANG_ENABLE_OBJC_WEAK = YES;
				CLANG_WARN_BLOCK_CAPTURE_AUTORELEASING = YES;
				CLANG_WARN_BOOL_CONVERSION = YES;
				CLANG_WARN_COMMA = YES;
				CLANG_WARN_CONSTANT_CONVERSION = YES;
				CLANG_WARN_DEPRECATED_OBJC_IMPLEMENTATIONS = YES;
				CLANG_WARN_DIRECT_OBJC_ISA_USAGE = YES_ERROR;
				CLANG_WARN_DOCUMENTATION_COMMENTS = YES;
				CLANG_WARN_EMPTY_BODY = YES;
				CLANG_WARN_ENUM_CONVERSION = YES;
				CLANG_WARN_INFINITE_RECURSION = YES;
				CLANG_WARN_INT_CONVERSION = YES;
				CLANG_WARN_NON_LITERAL_NULL_CONVERSION = YES;
				CLANG_WARN_OBJC_IMPLICIT_RETAIN_SELF = YES;
				CLANG_WARN_OBJC_LITERAL_CONVERSION = YES;
				CLANG_WARN_OBJC_ROOT_CLASS = YES_ERROR;
				CLANG_WARN_QUOTED_INCLUDE_IN_FRAMEWORK_HEADER = YES;
				CLANG_WARN_RANGE_LOOP_ANALYSIS = YES;
				CLANG_WARN_STRICT_PROTOTYPES = YES;
				CLANG_WARN_SUSPICIOUS_MOVE = YES;
				CLANG_WARN_UNGUARDED_AVAILABILITY = YES_AGGRESSIVE;
				CLANG_WARN_UNREACHABLE_CODE = YES;
				CLANG_WARN__DUPLICATE_METHOD_MATCH = YES;
				COPY_PHASE_STRIP = NO;
				CURRENT_PROJECT_VERSION = 1;
				DEBUG_INFORMATION_FORMAT = dwarf;
				ENABLE_STRICT_OBJC_MSGSEND = YES;
				ENABLE_TESTABILITY = YES;
				GCC_C_LANGUAGE_STANDARD = gnu11;
				GCC_DYNAMIC_NO_PIC = NO;
				GCC_NO_COMMON_BLOCKS = YES;
				GCC_OPTIMIZATION_LEVEL = 0;
				GCC_PREPROCESSOR_DEFINITIONS = (
					"DEBUG=1",
					"$(inherited)",
				);
				GCC_WARN_64_TO_32_BIT_CONVERSION = YES;
				GCC_WARN_ABOUT_RETURN_TYPE = YES_ERROR;
				GCC_WARN_UNDECLARED_SELECTOR = YES;
				GCC_WARN_UNINITIALIZED_AUTOS = YES_AGGRESSIVE;
				GCC_WARN_UNUSED_FUNCTION = YES;
				GCC_WARN_UNUSED_VARIABLE = YES;
				IPHONEOS_DEPLOYMENT_TARGET = 16.1;
				MTL_ENABLE_DEBUG_INFO = INCLUDE_SOURCE;
				MTL_FAST_MATH = YES;
				ONLY_ACTIVE_ARCH = YES;
				SDKROOT = iphoneos;
				SWIFT_ACTIVE_COMPILATION_CONDITIONS = DEBUG;
				SWIFT_OPTIMIZATION_LEVEL = "-Onone";
				VERSIONING_SYSTEM = "apple-generic";
				VERSION_INFO_PREFIX = "";
			};
			name = Debug;
		};
		CE39DBCF29A54E57009F4202 /* Release */ = {
			isa = XCBuildConfiguration;
			buildSettings = {
				ALWAYS_SEARCH_USER_PATHS = NO;
				CLANG_ANALYZER_NONNULL = YES;
				CLANG_ANALYZER_NUMBER_OBJECT_CONVERSION = YES_AGGRESSIVE;
				CLANG_CXX_LANGUAGE_STANDARD = "gnu++20";
				CLANG_ENABLE_MODULES = YES;
				CLANG_ENABLE_OBJC_ARC = YES;
				CLANG_ENABLE_OBJC_WEAK = YES;
				CLANG_WARN_BLOCK_CAPTURE_AUTORELEASING = YES;
				CLANG_WARN_BOOL_CONVERSION = YES;
				CLANG_WARN_COMMA = YES;
				CLANG_WARN_CONSTANT_CONVERSION = YES;
				CLANG_WARN_DEPRECATED_OBJC_IMPLEMENTATIONS = YES;
				CLANG_WARN_DIRECT_OBJC_ISA_USAGE = YES_ERROR;
				CLANG_WARN_DOCUMENTATION_COMMENTS = YES;
				CLANG_WARN_EMPTY_BODY = YES;
				CLANG_WARN_ENUM_CONVERSION = YES;
				CLANG_WARN_INFINITE_RECURSION = YES;
				CLANG_WARN_INT_CONVERSION = YES;
				CLANG_WARN_NON_LITERAL_NULL_CONVERSION = YES;
				CLANG_WARN_OBJC_IMPLICIT_RETAIN_SELF = YES;
				CLANG_WARN_OBJC_LITERAL_CONVERSION = YES;
				CLANG_WARN_OBJC_ROOT_CLASS = YES_ERROR;
				CLANG_WARN_QUOTED_INCLUDE_IN_FRAMEWORK_HEADER = YES;
				CLANG_WARN_RANGE_LOOP_ANALYSIS = YES;
				CLANG_WARN_STRICT_PROTOTYPES = YES;
				CLANG_WARN_SUSPICIOUS_MOVE = YES;
				CLANG_WARN_UNGUARDED_AVAILABILITY = YES_AGGRESSIVE;
				CLANG_WARN_UNREACHABLE_CODE = YES;
				CLANG_WARN__DUPLICATE_METHOD_MATCH = YES;
				COPY_PHASE_STRIP = NO;
				CURRENT_PROJECT_VERSION = 1;
				DEBUG_INFORMATION_FORMAT = "dwarf-with-dsym";
				ENABLE_NS_ASSERTIONS = NO;
				ENABLE_STRICT_OBJC_MSGSEND = YES;
				GCC_C_LANGUAGE_STANDARD = gnu11;
				GCC_NO_COMMON_BLOCKS = YES;
				GCC_WARN_64_TO_32_BIT_CONVERSION = YES;
				GCC_WARN_ABOUT_RETURN_TYPE = YES_ERROR;
				GCC_WARN_UNDECLARED_SELECTOR = YES;
				GCC_WARN_UNINITIALIZED_AUTOS = YES_AGGRESSIVE;
				GCC_WARN_UNUSED_FUNCTION = YES;
				GCC_WARN_UNUSED_VARIABLE = YES;
				IPHONEOS_DEPLOYMENT_TARGET = 16.1;
				MTL_ENABLE_DEBUG_INFO = NO;
				MTL_FAST_MATH = YES;
				SDKROOT = iphoneos;
				SWIFT_COMPILATION_MODE = wholemodule;
				SWIFT_OPTIMIZATION_LEVEL = "-O";
				VALIDATE_PRODUCT = YES;
				VERSIONING_SYSTEM = "apple-generic";
				VERSION_INFO_PREFIX = "";
			};
			name = Release;
		};
		CE39DBD129A54E57009F4202 /* Debug */ = {
			isa = XCBuildConfiguration;
			buildSettings = {
				CODE_SIGN_STYLE = Automatic;
				CURRENT_PROJECT_VERSION = 1;
				DEFINES_MODULE = YES;
				DEVELOPMENT_TEAM = YSQD9849J2;
				DYLIB_COMPATIBILITY_VERSION = 1;
				DYLIB_CURRENT_VERSION = 1;
				DYLIB_INSTALL_NAME_BASE = "@rpath";
				GENERATE_INFOPLIST_FILE = YES;
				INFOPLIST_KEY_NSHumanReadableCopyright = "";
				INSTALL_PATH = "$(LOCAL_LIBRARY_DIR)/Frameworks";
				LD_RUNPATH_SEARCH_PATHS = (
					"$(inherited)",
					"@executable_path/Frameworks",
					"@loader_path/Frameworks",
				);
				MARKETING_VERSION = 1.0;
				PRODUCT_BUNDLE_IDENTIFIER = "com.Domain-Layer";
				PRODUCT_NAME = "$(TARGET_NAME:c99extidentifier)";
				SKIP_INSTALL = YES;
				SWIFT_EMIT_LOC_STRINGS = YES;
				SWIFT_VERSION = 5.0;
				TARGETED_DEVICE_FAMILY = "1,2";
			};
			name = Debug;
		};
		CE39DBD229A54E57009F4202 /* Release */ = {
			isa = XCBuildConfiguration;
			buildSettings = {
				CODE_SIGN_STYLE = Automatic;
				CURRENT_PROJECT_VERSION = 1;
				DEFINES_MODULE = YES;
				DEVELOPMENT_TEAM = YSQD9849J2;
				DYLIB_COMPATIBILITY_VERSION = 1;
				DYLIB_CURRENT_VERSION = 1;
				DYLIB_INSTALL_NAME_BASE = "@rpath";
				GENERATE_INFOPLIST_FILE = YES;
				INFOPLIST_KEY_NSHumanReadableCopyright = "";
				INSTALL_PATH = "$(LOCAL_LIBRARY_DIR)/Frameworks";
				LD_RUNPATH_SEARCH_PATHS = (
					"$(inherited)",
					"@executable_path/Frameworks",
					"@loader_path/Frameworks",
				);
				MARKETING_VERSION = 1.0;
				PRODUCT_BUNDLE_IDENTIFIER = "com.Domain-Layer";
				PRODUCT_NAME = "$(TARGET_NAME:c99extidentifier)";
				SKIP_INSTALL = YES;
				SWIFT_EMIT_LOC_STRINGS = YES;
				SWIFT_VERSION = 5.0;
				TARGETED_DEVICE_FAMILY = "1,2";
			};
			name = Release;
		};
		CE39DBD429A54E57009F4202 /* Debug */ = {
			isa = XCBuildConfiguration;
			buildSettings = {
				ALWAYS_EMBED_SWIFT_STANDARD_LIBRARIES = YES;
				CODE_SIGN_STYLE = Automatic;
				CURRENT_PROJECT_VERSION = 1;
				DEVELOPMENT_TEAM = YSQD9849J2;
				GENERATE_INFOPLIST_FILE = YES;
				MARKETING_VERSION = 1.0;
				PRODUCT_BUNDLE_IDENTIFIER = "com.Domain-LayerTests";
				PRODUCT_NAME = "$(TARGET_NAME)";
				SWIFT_EMIT_LOC_STRINGS = NO;
				SWIFT_VERSION = 5.0;
				TARGETED_DEVICE_FAMILY = "1,2";
			};
			name = Debug;
		};
		CE39DBD529A54E57009F4202 /* Release */ = {
			isa = XCBuildConfiguration;
			buildSettings = {
				ALWAYS_EMBED_SWIFT_STANDARD_LIBRARIES = YES;
				CODE_SIGN_STYLE = Automatic;
				CURRENT_PROJECT_VERSION = 1;
				DEVELOPMENT_TEAM = YSQD9849J2;
				GENERATE_INFOPLIST_FILE = YES;
				MARKETING_VERSION = 1.0;
				PRODUCT_BUNDLE_IDENTIFIER = "com.Domain-LayerTests";
				PRODUCT_NAME = "$(TARGET_NAME)";
				SWIFT_EMIT_LOC_STRINGS = NO;
				SWIFT_VERSION = 5.0;
				TARGETED_DEVICE_FAMILY = "1,2";
			};
			name = Release;
		};
/* End XCBuildConfiguration section */

/* Begin XCConfigurationList section */
		CE39DBB629A54E57009F4202 /* Build configuration list for PBXProject "Domain Layer" */ = {
			isa = XCConfigurationList;
			buildConfigurations = (
				CE39DBCE29A54E57009F4202 /* Debug */,
				CE39DBCF29A54E57009F4202 /* Release */,
			);
			defaultConfigurationIsVisible = 0;
			defaultConfigurationName = Release;
		};
		CE39DBD029A54E57009F4202 /* Build configuration list for PBXNativeTarget "Domain Layer" */ = {
			isa = XCConfigurationList;
			buildConfigurations = (
				CE39DBD129A54E57009F4202 /* Debug */,
				CE39DBD229A54E57009F4202 /* Release */,
			);
			defaultConfigurationIsVisible = 0;
			defaultConfigurationName = Release;
		};
		CE39DBD329A54E57009F4202 /* Build configuration list for PBXNativeTarget "Domain LayerTests" */ = {
			isa = XCConfigurationList;
			buildConfigurations = (
				CE39DBD429A54E57009F4202 /* Debug */,
				CE39DBD529A54E57009F4202 /* Release */,
			);
			defaultConfigurationIsVisible = 0;
			defaultConfigurationName = Release;
		};
/* End XCConfigurationList section */
	};
	rootObject = CE39DBB329A54E57009F4202 /* Project object */;
}
