// !$*UTF8*$!
{
	archiveVersion = 1;
	classes = {
	};
	objectVersion = 56;
	objects = {

/* Begin PBXBuildFile section */
		CE39DB7729A54BCC009F4202 /* Data_Layer.docc in Sources */ = {isa = PBXBuildFile; fileRef = CE39DB7629A54BCC009F4202 /* Data_Layer.docc */; };
		CE39DB7D29A54BCD009F4202 /* Data_Layer.framework in Frameworks */ = {isa = PBXBuildFile; fileRef = CE39DB7229A54BCC009F4202 /* Data_Layer.framework */; };
		CE39DB8229A54BCD009F4202 /* Data_LayerTests.swift in Sources */ = {isa = PBXBuildFile; fileRef = CE39DB8129A54BCD009F4202 /* Data_LayerTests.swift */; };
		CE39DB8329A54BCD009F4202 /* Data_Layer.h in Headers */ = {isa = PBXBuildFile; fileRef = CE39DB7529A54BCC009F4202 /* Data_Layer.h */; settings = {ATTRIBUTES = (Public, ); }; };
		CE39DB9F29A54BFC009F4202 /* DataModel.swift in Sources */ = {isa = PBXBuildFile; fileRef = CE39DB8D29A54BFB009F4202 /* DataModel.swift */; };
		CE39DBA029A54BFC009F4202 /* QueryWorkerStorage.swift in Sources */ = {isa = PBXBuildFile; fileRef = CE39DB9029A54BFB009F4202 /* QueryWorkerStorage.swift */; };
		CE39DBA129A54BFC009F4202 /* CoreDataStorageManager.swift in Sources */ = {isa = PBXBuildFile; fileRef = CE39DB9229A54BFB009F4202 /* CoreDataStorageManager.swift */; };
		CE39DBA229A54BFC009F4202 /* Mapper.swift in Sources */ = {isa = PBXBuildFile; fileRef = CE39DB9429A54BFB009F4202 /* Mapper.swift */; };
		CE39DBA329A54BFC009F4202 /* SingerTrackDataModel.xcdatamodeld in Sources */ = {isa = PBXBuildFile; fileRef = CE39DB9529A54BFB009F4202 /* SingerTrackDataModel.xcdatamodeld */; };
		CE39DBA429A54BFC009F4202 /* SingerTrack.swift in Sources */ = {isa = PBXBuildFile; fileRef = CE39DB9829A54BFB009F4202 /* SingerTrack.swift */; };
		CE39DBA529A54BFC009F4202 /* QueryWorkerStoragable.swift in Sources */ = {isa = PBXBuildFile; fileRef = CE39DB9A29A54BFB009F4202 /* QueryWorkerStoragable.swift */; };
		CE39DBA629A54BFC009F4202 /* PersistentStorageRepository.swift in Sources */ = {isa = PBXBuildFile; fileRef = CE39DB9C29A54BFB009F4202 /* PersistentStorageRepository.swift */; };
		CE39DBA729A54BFC009F4202 /* PersistentStorageRepositoryInterface.swift in Sources */ = {isa = PBXBuildFile; fileRef = CE39DB9E29A54BFB009F4202 /* PersistentStorageRepositoryInterface.swift */; };
		CE39DBAD29A54CAB009F4202 /* Optional.swift in Sources */ = {isa = PBXBuildFile; fileRef = CE39DBAC29A54CAB009F4202 /* Optional.swift */; };
		CE39DBAF29A54CD0009F4202 /* Constants.swift in Sources */ = {isa = PBXBuildFile; fileRef = CE39DBAE29A54CD0009F4202 /* Constants.swift */; };
		CE39DBB129A54D07009F4202 /* NSError.swift in Sources */ = {isa = PBXBuildFile; fileRef = CE39DBB029A54D07009F4202 /* NSError.swift */; };
		CE39DC1229A554A3009F4202 /* String.swift in Sources */ = {isa = PBXBuildFile; fileRef = CE39DC1129A554A3009F4202 /* String.swift */; };
/* End PBXBuildFile section */

/* Begin PBXContainerItemProxy section */
		CE39DB7E29A54BCD009F4202 /* PBXContainerItemProxy */ = {
			isa = PBXContainerItemProxy;
			containerPortal = CE39DB6929A54BCC009F4202 /* Project object */;
			proxyType = 1;
			remoteGlobalIDString = CE39DB7129A54BCC009F4202;
			remoteInfo = "Data Layer";
		};
/* End PBXContainerItemProxy section */

/* Begin PBXFileReference section */
		CE39DB7229A54BCC009F4202 /* Data_Layer.framework */ = {isa = PBXFileReference; explicitFileType = wrapper.framework; includeInIndex = 0; path = Data_Layer.framework; sourceTree = BUILT_PRODUCTS_DIR; };
		CE39DB7529A54BCC009F4202 /* Data_Layer.h */ = {isa = PBXFileReference; lastKnownFileType = sourcecode.c.h; path = Data_Layer.h; sourceTree = "<group>"; };
		CE39DB7629A54BCC009F4202 /* Data_Layer.docc */ = {isa = PBXFileReference; lastKnownFileType = folder.documentationcatalog; path = Data_Layer.docc; sourceTree = "<group>"; };
		CE39DB7C29A54BCD009F4202 /* Data LayerTests.xctest */ = {isa = PBXFileReference; explicitFileType = wrapper.cfbundle; includeInIndex = 0; path = "Data LayerTests.xctest"; sourceTree = BUILT_PRODUCTS_DIR; };
		CE39DB8129A54BCD009F4202 /* Data_LayerTests.swift */ = {isa = PBXFileReference; lastKnownFileType = sourcecode.swift; path = Data_LayerTests.swift; sourceTree = "<group>"; };
		CE39DB8D29A54BFB009F4202 /* DataModel.swift */ = {isa = PBXFileReference; fileEncoding = 4; lastKnownFileType = sourcecode.swift; path = DataModel.swift; sourceTree = "<group>"; };
		CE39DB9029A54BFB009F4202 /* QueryWorkerStorage.swift */ = {isa = PBXFileReference; fileEncoding = 4; lastKnownFileType = sourcecode.swift; path = QueryWorkerStorage.swift; sourceTree = "<group>"; };
		CE39DB9229A54BFB009F4202 /* CoreDataStorageManager.swift */ = {isa = PBXFileReference; fileEncoding = 4; lastKnownFileType = sourcecode.swift; path = CoreDataStorageManager.swift; sourceTree = "<group>"; };
		CE39DB9429A54BFB009F4202 /* Mapper.swift */ = {isa = PBXFileReference; fileEncoding = 4; lastKnownFileType = sourcecode.swift; path = Mapper.swift; sourceTree = "<group>"; };
		CE39DB9629A54BFB009F4202 /* SingerTrackDataModel.xcdatamodel */ = {isa = PBXFileReference; lastKnownFileType = wrapper.xcdatamodel; path = SingerTrackDataModel.xcdatamodel; sourceTree = "<group>"; };
		CE39DB9829A54BFB009F4202 /* SingerTrack.swift */ = {isa = PBXFileReference; fileEncoding = 4; lastKnownFileType = sourcecode.swift; path = SingerTrack.swift; sourceTree = "<group>"; };
		CE39DB9A29A54BFB009F4202 /* QueryWorkerStoragable.swift */ = {isa = PBXFileReference; fileEncoding = 4; lastKnownFileType = sourcecode.swift; path = QueryWorkerStoragable.swift; sourceTree = "<group>"; };
		CE39DB9C29A54BFB009F4202 /* PersistentStorageRepository.swift */ = {isa = PBXFileReference; fileEncoding = 4; lastKnownFileType = sourcecode.swift; path = PersistentStorageRepository.swift; sourceTree = "<group>"; };
		CE39DB9E29A54BFB009F4202 /* PersistentStorageRepositoryInterface.swift */ = {isa = PBXFileReference; fileEncoding = 4; lastKnownFileType = sourcecode.swift; path = PersistentStorageRepositoryInterface.swift; sourceTree = "<group>"; };
		CE39DBAC29A54CAB009F4202 /* Optional.swift */ = {isa = PBXFileReference; lastKnownFileType = sourcecode.swift; path = Optional.swift; sourceTree = "<group>"; };
		CE39DBAE29A54CD0009F4202 /* Constants.swift */ = {isa = PBXFileReference; lastKnownFileType = sourcecode.swift; path = Constants.swift; sourceTree = "<group>"; };
		CE39DBB029A54D07009F4202 /* NSError.swift */ = {isa = PBXFileReference; lastKnownFileType = sourcecode.swift; path = NSError.swift; sourceTree = "<group>"; };
		CE39DC1129A554A3009F4202 /* String.swift */ = {isa = PBXFileReference; lastKnownFileType = sourcecode.swift; path = String.swift; sourceTree = "<group>"; };
/* End PBXFileReference section */

/* Begin PBXFrameworksBuildPhase section */
		CE39DB6F29A54BCC009F4202 /* Frameworks */ = {
			isa = PBXFrameworksBuildPhase;
			buildActionMask = 2147483647;
			files = (
			);
			runOnlyForDeploymentPostprocessing = 0;
		};
		CE39DB7929A54BCD009F4202 /* Frameworks */ = {
			isa = PBXFrameworksBuildPhase;
			buildActionMask = 2147483647;
			files = (
				CE39DB7D29A54BCD009F4202 /* Data_Layer.framework in Frameworks */,
			);
			runOnlyForDeploymentPostprocessing = 0;
		};
/* End PBXFrameworksBuildPhase section */

/* Begin PBXGroup section */
		CE39DB6829A54BCC009F4202 = {
			isa = PBXGroup;
			children = (
				CE39DB7429A54BCC009F4202 /* Data Layer */,
				CE39DB8029A54BCD009F4202 /* Data LayerTests */,
				CE39DB7329A54BCC009F4202 /* Products */,
			);
			sourceTree = "<group>";
		};
		CE39DB7329A54BCC009F4202 /* Products */ = {
			isa = PBXGroup;
			children = (
				CE39DB7229A54BCC009F4202 /* Data_Layer.framework */,
				CE39DB7C29A54BCD009F4202 /* Data LayerTests.xctest */,
			);
			name = Products;
			sourceTree = "<group>";
		};
		CE39DB7429A54BCC009F4202 /* Data Layer */ = {
			isa = PBXGroup;
			children = (
				CE39DB7529A54BCC009F4202 /* Data_Layer.h */,
				CE39DB8C29A54BFB009F4202 /* Entities */,
				CE39DB8E29A54BFB009F4202 /* PersistentStorage */,
				CE39DB9B29A54BFB009F4202 /* Repositories */,
				CE39DBA929A54C5A009F4202 /* Constants */,
				CE39DBA829A54C50009F4202 /* Extensions */,
				CE39DB7629A54BCC009F4202 /* Data_Layer.docc */,
			);
			path = "Data Layer";
			sourceTree = "<group>";
		};
		CE39DB8029A54BCD009F4202 /* Data LayerTests */ = {
			isa = PBXGroup;
			children = (
				CE39DB8129A54BCD009F4202 /* Data_LayerTests.swift */,
			);
			path = "Data LayerTests";
			sourceTree = "<group>";
		};
		CE39DB8C29A54BFB009F4202 /* Entities */ = {
			isa = PBXGroup;
			children = (
				CE39DB8D29A54BFB009F4202 /* DataModel.swift */,
			);
			path = Entities;
			sourceTree = "<group>";
		};
		CE39DB8E29A54BFB009F4202 /* PersistentStorage */ = {
			isa = PBXGroup;
			children = (
				CE39DB8F29A54BFB009F4202 /* CoreData */,
			);
			path = PersistentStorage;
			sourceTree = "<group>";
		};
		CE39DB8F29A54BFB009F4202 /* CoreData */ = {
			isa = PBXGroup;
			children = (
				CE39DB9029A54BFB009F4202 /* QueryWorkerStorage.swift */,
				CE39DB9129A54BFB009F4202 /* CoreDataStorage */,
				CE39DB9929A54BFB009F4202 /* Interfaces */,
			);
			path = CoreData;
			sourceTree = "<group>";
		};
		CE39DB9129A54BFB009F4202 /* CoreDataStorage */ = {
			isa = PBXGroup;
			children = (
				CE39DB9229A54BFB009F4202 /* CoreDataStorageManager.swift */,
				CE39DB9329A54BFB009F4202 /* Mapper */,
				CE39DB9529A54BFB009F4202 /* SingerTrackDataModel.xcdatamodeld */,
				CE39DB9729A54BFB009F4202 /* Entities */,
			);
			path = CoreDataStorage;
			sourceTree = "<group>";
		};
		CE39DB9329A54BFB009F4202 /* Mapper */ = {
			isa = PBXGroup;
			children = (
				CE39DB9429A54BFB009F4202 /* Mapper.swift */,
			);
			path = Mapper;
			sourceTree = "<group>";
		};
		CE39DB9729A54BFB009F4202 /* Entities */ = {
			isa = PBXGroup;
			children = (
				CE39DB9829A54BFB009F4202 /* SingerTrack.swift */,
			);
			path = Entities;
			sourceTree = "<group>";
		};
		CE39DB9929A54BFB009F4202 /* Interfaces */ = {
			isa = PBXGroup;
			children = (
				CE39DB9A29A54BFB009F4202 /* QueryWorkerStoragable.swift */,
			);
			path = Interfaces;
			sourceTree = "<group>";
		};
		CE39DB9B29A54BFB009F4202 /* Repositories */ = {
			isa = PBXGroup;
			children = (
				CE39DB9C29A54BFB009F4202 /* PersistentStorageRepository.swift */,
				CE39DB9D29A54BFB009F4202 /* Interfaces */,
			);
			path = Repositories;
			sourceTree = "<group>";
		};
		CE39DB9D29A54BFB009F4202 /* Interfaces */ = {
			isa = PBXGroup;
			children = (
				CE39DB9E29A54BFB009F4202 /* PersistentStorageRepositoryInterface.swift */,
			);
			path = Interfaces;
			sourceTree = "<group>";
		};
		CE39DBA829A54C50009F4202 /* Extensions */ = {
			isa = PBXGroup;
			children = (
				CE39DBAC29A54CAB009F4202 /* Optional.swift */,
				CE39DBB029A54D07009F4202 /* NSError.swift */,
				CE39DC1129A554A3009F4202 /* String.swift */,
			);
			path = Extensions;
			sourceTree = "<group>";
		};
		CE39DBA929A54C5A009F4202 /* Constants */ = {
			isa = PBXGroup;
			children = (
				CE39DBAE29A54CD0009F4202 /* Constants.swift */,
			);
			path = Constants;
			sourceTree = "<group>";
		};
/* End PBXGroup section */

/* Begin PBXHeadersBuildPhase section */
		CE39DB6D29A54BCC009F4202 /* Headers */ = {
			isa = PBXHeadersBuildPhase;
			buildActionMask = 2147483647;
			files = (
				CE39DB8329A54BCD009F4202 /* Data_Layer.h in Headers */,
			);
			runOnlyForDeploymentPostprocessing = 0;
		};
/* End PBXHeadersBuildPhase section */

/* Begin PBXNativeTarget section */
		CE39DB7129A54BCC009F4202 /* Data Layer */ = {
			isa = PBXNativeTarget;
			buildConfigurationList = CE39DB8629A54BCD009F4202 /* Build configuration list for PBXNativeTarget "Data Layer" */;
			buildPhases = (
				CE39DB6D29A54BCC009F4202 /* Headers */,
				CE39DB6E29A54BCC009F4202 /* Sources */,
				CE39DB6F29A54BCC009F4202 /* Frameworks */,
				CE39DB7029A54BCC009F4202 /* Resources */,
			);
			buildRules = (
			);
			dependencies = (
			);
			name = "Data Layer";
			productName = "Data Layer";
			productReference = CE39DB7229A54BCC009F4202 /* Data_Layer.framework */;
			productType = "com.apple.product-type.framework";
		};
		CE39DB7B29A54BCD009F4202 /* Data LayerTests */ = {
			isa = PBXNativeTarget;
			buildConfigurationList = CE39DB8929A54BCD009F4202 /* Build configuration list for PBXNativeTarget "Data LayerTests" */;
			buildPhases = (
				CE39DB7829A54BCD009F4202 /* Sources */,
				CE39DB7929A54BCD009F4202 /* Frameworks */,
				CE39DB7A29A54BCD009F4202 /* Resources */,
			);
			buildRules = (
			);
			dependencies = (
				CE39DB7F29A54BCD009F4202 /* PBXTargetDependency */,
			);
			name = "Data LayerTests";
			productName = "Data LayerTests";
			productReference = CE39DB7C29A54BCD009F4202 /* Data LayerTests.xctest */;
			productType = "com.apple.product-type.bundle.unit-test";
		};
/* End PBXNativeTarget section */

/* Begin PBXProject section */
		CE39DB6929A54BCC009F4202 /* Project object */ = {
			isa = PBXProject;
			attributes = {
				BuildIndependentTargetsInParallel = 1;
				LastSwiftUpdateCheck = 1410;
				LastUpgradeCheck = 1410;
				TargetAttributes = {
					CE39DB7129A54BCC009F4202 = {
						CreatedOnToolsVersion = 14.1;
					};
					CE39DB7B29A54BCD009F4202 = {
						CreatedOnToolsVersion = 14.1;
					};
				};
			};
			buildConfigurationList = CE39DB6C29A54BCC009F4202 /* Build configuration list for PBXProject "Data Layer" */;
			compatibilityVersion = "Xcode 14.0";
			developmentRegion = en;
			hasScannedForEncodings = 0;
			knownRegions = (
				en,
				Base,
			);
			mainGroup = CE39DB6829A54BCC009F4202;
			productRefGroup = CE39DB7329A54BCC009F4202 /* Products */;
			projectDirPath = "";
			projectRoot = "";
			targets = (
				CE39DB7129A54BCC009F4202 /* Data Layer */,
				CE39DB7B29A54BCD009F4202 /* Data LayerTests */,
			);
		};
/* End PBXProject section */

/* Begin PBXResourcesBuildPhase section */
		CE39DB7029A54BCC009F4202 /* Resources */ = {
			isa = PBXResourcesBuildPhase;
			buildActionMask = 2147483647;
			files = (
			);
			runOnlyForDeploymentPostprocessing = 0;
		};
		CE39DB7A29A54BCD009F4202 /* Resources */ = {
			isa = PBXResourcesBuildPhase;
			buildActionMask = 2147483647;
			files = (
			);
			runOnlyForDeploymentPostprocessing = 0;
		};
/* End PBXResourcesBuildPhase section */

/* Begin PBXSourcesBuildPhase section */
		CE39DB6E29A54BCC009F4202 /* Sources */ = {
			isa = PBXSourcesBuildPhase;
			buildActionMask = 2147483647;
			files = (
				CE39DB7729A54BCC009F4202 /* Data_Layer.docc in Sources */,
				CE39DBA329A54BFC009F4202 /* SingerTrackDataModel.xcdatamodeld in Sources */,
				CE39DBA529A54BFC009F4202 /* QueryWorkerStoragable.swift in Sources */,
				CE39DBA029A54BFC009F4202 /* QueryWorkerStorage.swift in Sources */,
				CE39DC1229A554A3009F4202 /* String.swift in Sources */,
				CE39DBA429A54BFC009F4202 /* SingerTrack.swift in Sources */,
				CE39DBA129A54BFC009F4202 /* CoreDataStorageManager.swift in Sources */,
				CE39DBAF29A54CD0009F4202 /* Constants.swift in Sources */,
				CE39DB9F29A54BFC009F4202 /* DataModel.swift in Sources */,
				CE39DBB129A54D07009F4202 /* NSError.swift in Sources */,
				CE39DBA229A54BFC009F4202 /* Mapper.swift in Sources */,
				CE39DBA729A54BFC009F4202 /* PersistentStorageRepositoryInterface.swift in Sources */,
				CE39DBA629A54BFC009F4202 /* PersistentStorageRepository.swift in Sources */,
				CE39DBAD29A54CAB009F4202 /* Optional.swift in Sources */,
			);
			runOnlyForDeploymentPostprocessing = 0;
		};
		CE39DB7829A54BCD009F4202 /* Sources */ = {
			isa = PBXSourcesBuildPhase;
			buildActionMask = 2147483647;
			files = (
				CE39DB8229A54BCD009F4202 /* Data_LayerTests.swift in Sources */,
			);
			runOnlyForDeploymentPostprocessing = 0;
		};
/* End PBXSourcesBuildPhase section */

/* Begin PBXTargetDependency section */
		CE39DB7F29A54BCD009F4202 /* PBXTargetDependency */ = {
			isa = PBXTargetDependency;
			target = CE39DB7129A54BCC009F4202 /* Data Layer */;
			targetProxy = CE39DB7E29A54BCD009F4202 /* PBXContainerItemProxy */;
		};
/* End PBXTargetDependency section */

/* Begin XCBuildConfiguration section */
		CE39DB8429A54BCD009F4202 /* Debug */ = {
			isa = XCBuildConfiguration;
			buildSettings = {
				ALWAYS_SEARCH_USER_PATHS = NO;
				CLANG_ANALYZER_NONNULL = YES;
				CLANG_ANALYZER_NUMBER_OBJECT_CONVERSION = YES_AGGRESSIVE;
				CLANG_CXX_LANGUAGE_STANDARD = "gnu++20";
				CLANG_ENABLE_MODULES = YES;
				CLANG_ENABLE_OBJC_ARC = YES;
				CLANG_ENABLE_OBJC_WEAK = YES;
				CLANG_WARN_BLOCK_CAPTURE_AUTORELEASING = YES;
				CLANG_WARN_BOOL_CONVERSION = YES;
				CLANG_WARN_COMMA = YES;
				CLANG_WARN_CONSTANT_CONVERSION = YES;
				CLANG_WARN_DEPRECATED_OBJC_IMPLEMENTATIONS = YES;
				CLANG_WARN_DIRECT_OBJC_ISA_USAGE = YES_ERROR;
				CLANG_WARN_DOCUMENTATION_COMMENTS = YES;
				CLANG_WARN_EMPTY_BODY = YES;
				CLANG_WARN_ENUM_CONVERSION = YES;
				CLANG_WARN_INFINITE_RECURSION = YES;
				CLANG_WARN_INT_CONVERSION = YES;
				CLANG_WARN_NON_LITERAL_NULL_CONVERSION = YES;
				CLANG_WARN_OBJC_IMPLICIT_RETAIN_SELF = YES;
				CLANG_WARN_OBJC_LITERAL_CONVERSION = YES;
				CLANG_WARN_OBJC_ROOT_CLASS = YES_ERROR;
				CLANG_WARN_QUOTED_INCLUDE_IN_FRAMEWORK_HEADER = YES;
				CLANG_WARN_RANGE_LOOP_ANALYSIS = YES;
				CLANG_WARN_STRICT_PROTOTYPES = YES;
				CLANG_WARN_SUSPICIOUS_MOVE = YES;
				CLANG_WARN_UNGUARDED_AVAILABILITY = YES_AGGRESSIVE;
				CLANG_WARN_UNREACHABLE_CODE = YES;
				CLANG_WARN__DUPLICATE_METHOD_MATCH = YES;
				COPY_PHASE_STRIP = NO;
				CURRENT_PROJECT_VERSION = 1;
				DEBUG_INFORMATION_FORMAT = dwarf;
				ENABLE_STRICT_OBJC_MSGSEND = YES;
				ENABLE_TESTABILITY = YES;
				GCC_C_LANGUAGE_STANDARD = gnu11;
				GCC_DYNAMIC_NO_PIC = NO;
				GCC_NO_COMMON_BLOCKS = YES;
				GCC_OPTIMIZATION_LEVEL = 0;
				GCC_PREPROCESSOR_DEFINITIONS = (
					"DEBUG=1",
					"$(inherited)",
				);
				GCC_WARN_64_TO_32_BIT_CONVERSION = YES;
				GCC_WARN_ABOUT_RETURN_TYPE = YES_ERROR;
				GCC_WARN_UNDECLARED_SELECTOR = YES;
				GCC_WARN_UNINITIALIZED_AUTOS = YES_AGGRESSIVE;
				GCC_WARN_UNUSED_FUNCTION = YES;
				GCC_WARN_UNUSED_VARIABLE = YES;
				IPHONEOS_DEPLOYMENT_TARGET = 16.1;
				MTL_ENABLE_DEBUG_INFO = INCLUDE_SOURCE;
				MTL_FAST_MATH = YES;
				ONLY_ACTIVE_ARCH = YES;
				SDKROOT = iphoneos;
				SWIFT_ACTIVE_COMPILATION_CONDITIONS = DEBUG;
				SWIFT_OPTIMIZATION_LEVEL = "-Onone";
				VERSIONING_SYSTEM = "apple-generic";
				VERSION_INFO_PREFIX = "";
			};
			name = Debug;
		};
		CE39DB8529A54BCD009F4202 /* Release */ = {
			isa = XCBuildConfiguration;
			buildSettings = {
				ALWAYS_SEARCH_USER_PATHS = NO;
				CLANG_ANALYZER_NONNULL = YES;
				CLANG_ANALYZER_NUMBER_OBJECT_CONVERSION = YES_AGGRESSIVE;
				CLANG_CXX_LANGUAGE_STANDARD = "gnu++20";
				CLANG_ENABLE_MODULES = YES;
				CLANG_ENABLE_OBJC_ARC = YES;
				CLANG_ENABLE_OBJC_WEAK = YES;
				CLANG_WARN_BLOCK_CAPTURE_AUTORELEASING = YES;
				CLANG_WARN_BOOL_CONVERSION = YES;
				CLANG_WARN_COMMA = YES;
				CLANG_WARN_CONSTANT_CONVERSION = YES;
				CLANG_WARN_DEPRECATED_OBJC_IMPLEMENTATIONS = YES;
				CLANG_WARN_DIRECT_OBJC_ISA_USAGE = YES_ERROR;
				CLANG_WARN_DOCUMENTATION_COMMENTS = YES;
				CLANG_WARN_EMPTY_BODY = YES;
				CLANG_WARN_ENUM_CONVERSION = YES;
				CLANG_WARN_INFINITE_RECURSION = YES;
				CLANG_WARN_INT_CONVERSION = YES;
				CLANG_WARN_NON_LITERAL_NULL_CONVERSION = YES;
				CLANG_WARN_OBJC_IMPLICIT_RETAIN_SELF = YES;
				CLANG_WARN_OBJC_LITERAL_CONVERSION = YES;
				CLANG_WARN_OBJC_ROOT_CLASS = YES_ERROR;
				CLANG_WARN_QUOTED_INCLUDE_IN_FRAMEWORK_HEADER = YES;
				CLANG_WARN_RANGE_LOOP_ANALYSIS = YES;
				CLANG_WARN_STRICT_PROTOTYPES = YES;
				CLANG_WARN_SUSPICIOUS_MOVE = YES;
				CLANG_WARN_UNGUARDED_AVAILABILITY = YES_AGGRESSIVE;
				CLANG_WARN_UNREACHABLE_CODE = YES;
				CLANG_WARN__DUPLICATE_METHOD_MATCH = YES;
				COPY_PHASE_STRIP = NO;
				CURRENT_PROJECT_VERSION = 1;
				DEBUG_INFORMATION_FORMAT = "dwarf-with-dsym";
				ENABLE_NS_ASSERTIONS = NO;
				ENABLE_STRICT_OBJC_MSGSEND = YES;
				GCC_C_LANGUAGE_STANDARD = gnu11;
				GCC_NO_COMMON_BLOCKS = YES;
				GCC_WARN_64_TO_32_BIT_CONVERSION = YES;
				GCC_WARN_ABOUT_RETURN_TYPE = YES_ERROR;
				GCC_WARN_UNDECLARED_SELECTOR = YES;
				GCC_WARN_UNINITIALIZED_AUTOS = YES_AGGRESSIVE;
				GCC_WARN_UNUSED_FUNCTION = YES;
				GCC_WARN_UNUSED_VARIABLE = YES;
				IPHONEOS_DEPLOYMENT_TARGET = 16.1;
				MTL_ENABLE_DEBUG_INFO = NO;
				MTL_FAST_MATH = YES;
				SDKROOT = iphoneos;
				SWIFT_COMPILATION_MODE = wholemodule;
				SWIFT_OPTIMIZATION_LEVEL = "-O";
				VALIDATE_PRODUCT = YES;
				VERSIONING_SYSTEM = "apple-generic";
				VERSION_INFO_PREFIX = "";
			};
			name = Release;
		};
		CE39DB8729A54BCD009F4202 /* Debug */ = {
			isa = XCBuildConfiguration;
			buildSettings = {
				CODE_SIGN_STYLE = Automatic;
				CURRENT_PROJECT_VERSION = 1;
				DEFINES_MODULE = YES;
				DEVELOPMENT_TEAM = YSQD9849J2;
				DYLIB_COMPATIBILITY_VERSION = 1;
				DYLIB_CURRENT_VERSION = 1;
				DYLIB_INSTALL_NAME_BASE = "@rpath";
				GENERATE_INFOPLIST_FILE = YES;
				INFOPLIST_KEY_NSHumanReadableCopyright = "";
				INSTALL_PATH = "$(LOCAL_LIBRARY_DIR)/Frameworks";
				LD_RUNPATH_SEARCH_PATHS = (
					"$(inherited)",
					"@executable_path/Frameworks",
					"@loader_path/Frameworks",
				);
				MARKETING_VERSION = 1.0;
				PRODUCT_BUNDLE_IDENTIFIER = "com.Data-Layer";
				PRODUCT_NAME = "$(TARGET_NAME:c99extidentifier)";
				SKIP_INSTALL = YES;
				SWIFT_EMIT_LOC_STRINGS = YES;
				SWIFT_VERSION = 5.0;
				TARGETED_DEVICE_FAMILY = "1,2";
			};
			name = Debug;
		};
		CE39DB8829A54BCD009F4202 /* Release */ = {
			isa = XCBuildConfiguration;
			buildSettings = {
				CODE_SIGN_STYLE = Automatic;
				CURRENT_PROJECT_VERSION = 1;
				DEFINES_MODULE = YES;
				DEVELOPMENT_TEAM = YSQD9849J2;
				DYLIB_COMPATIBILITY_VERSION = 1;
				DYLIB_CURRENT_VERSION = 1;
				DYLIB_INSTALL_NAME_BASE = "@rpath";
				GENERATE_INFOPLIST_FILE = YES;
				INFOPLIST_KEY_NSHumanReadableCopyright = "";
				INSTALL_PATH = "$(LOCAL_LIBRARY_DIR)/Frameworks";
				LD_RUNPATH_SEARCH_PATHS = (
					"$(inherited)",
					"@executable_path/Frameworks",
					"@loader_path/Frameworks",
				);
				MARKETING_VERSION = 1.0;
				PRODUCT_BUNDLE_IDENTIFIER = "com.Data-Layer";
				PRODUCT_NAME = "$(TARGET_NAME:c99extidentifier)";
				SKIP_INSTALL = YES;
				SWIFT_EMIT_LOC_STRINGS = YES;
				SWIFT_VERSION = 5.0;
				TARGETED_DEVICE_FAMILY = "1,2";
			};
			name = Release;
		};
		CE39DB8A29A54BCD009F4202 /* Debug */ = {
			isa = XCBuildConfiguration;
			buildSettings = {
				ALWAYS_EMBED_SWIFT_STANDARD_LIBRARIES = YES;
				CODE_SIGN_STYLE = Automatic;
				CURRENT_PROJECT_VERSION = 1;
				DEVELOPMENT_TEAM = YSQD9849J2;
				GENERATE_INFOPLIST_FILE = YES;
				MARKETING_VERSION = 1.0;
				PRODUCT_BUNDLE_IDENTIFIER = "com.Data-LayerTests";
				PRODUCT_NAME = "$(TARGET_NAME)";
				SWIFT_EMIT_LOC_STRINGS = NO;
				SWIFT_VERSION = 5.0;
				TARGETED_DEVICE_FAMILY = "1,2";
			};
			name = Debug;
		};
		CE39DB8B29A54BCD009F4202 /* Release */ = {
			isa = XCBuildConfiguration;
			buildSettings = {
				ALWAYS_EMBED_SWIFT_STANDARD_LIBRARIES = YES;
				CODE_SIGN_STYLE = Automatic;
				CURRENT_PROJECT_VERSION = 1;
				DEVELOPMENT_TEAM = YSQD9849J2;
				GENERATE_INFOPLIST_FILE = YES;
				MARKETING_VERSION = 1.0;
				PRODUCT_BUNDLE_IDENTIFIER = "com.Data-LayerTests";
				PRODUCT_NAME = "$(TARGET_NAME)";
				SWIFT_EMIT_LOC_STRINGS = NO;
				SWIFT_VERSION = 5.0;
				TARGETED_DEVICE_FAMILY = "1,2";
			};
			name = Release;
		};
/* End XCBuildConfiguration section */

/* Begin XCConfigurationList section */
		CE39DB6C29A54BCC009F4202 /* Build configuration list for PBXProject "Data Layer" */ = {
			isa = XCConfigurationList;
			buildConfigurations = (
				CE39DB8429A54BCD009F4202 /* Debug */,
				CE39DB8529A54BCD009F4202 /* Release */,
			);
			defaultConfigurationIsVisible = 0;
			defaultConfigurationName = Release;
		};
		CE39DB8629A54BCD009F4202 /* Build configuration list for PBXNativeTarget "Data Layer" */ = {
			isa = XCConfigurationList;
			buildConfigurations = (
				CE39DB8729A54BCD009F4202 /* Debug */,
				CE39DB8829A54BCD009F4202 /* Release */,
			);
			defaultConfigurationIsVisible = 0;
			defaultConfigurationName = Release;
		};
		CE39DB8929A54BCD009F4202 /* Build configuration list for PBXNativeTarget "Data LayerTests" */ = {
			isa = XCConfigurationList;
			buildConfigurations = (
				CE39DB8A29A54BCD009F4202 /* Debug */,
				CE39DB8B29A54BCD009F4202 /* Release */,
			);
			defaultConfigurationIsVisible = 0;
			defaultConfigurationName = Release;
		};
/* End XCConfigurationList section */

/* Begin XCVersionGroup section */
		CE39DB9529A54BFB009F4202 /* SingerTrackDataModel.xcdatamodeld */ = {
			isa = XCVersionGroup;
			children = (
				CE39DB9629A54BFB009F4202 /* SingerTrackDataModel.xcdatamodel */,
			);
			currentVersion = CE39DB9629A54BFB009F4202 /* SingerTrackDataModel.xcdatamodel */;
			path = SingerTrackDataModel.xcdatamodeld;
			sourceTree = "<group>";
			versionGroupType = wrapper.xcdatamodel;
		};
/* End XCVersionGroup section */
	};
	rootObject = CE39DB6929A54BCC009F4202 /* Project object */;
}
