// !$*UTF8*$!
{
	archiveVersion = 1;
	classes = {
	};
	objectVersion = 56;
	objects = {

/* Begin PBXBuildFile section */
		CE39DB2429A542A3009F4202 /* Infrastructure.docc in Sources */ = {isa = PBXBuildFile; fileRef = CE39DB2329A542A3009F4202 /* Infrastructure.docc */; };
		CE39DB2A29A542A3009F4202 /* Infrastructure.framework in Frameworks */ = {isa = PBXBuildFile; fileRef = CE39DB1F29A542A3009F4202 /* Infrastructure.framework */; };
		CE39DB2F29A542A3009F4202 /* InfrastructureTests.swift in Sources */ = {isa = PBXBuildFile; fileRef = CE39DB2E29A542A3009F4202 /* InfrastructureTests.swift */; };
		CE39DB3029A542A3009F4202 /* Infrastructure.h in Headers */ = {isa = PBXBuildFile; fileRef = CE39DB2229A542A3009F4202 /* Infrastructure.h */; settings = {ATTRIBUTES = (Public, ); }; };
		CE39DB5329A54A35009F4202 /* AudioClient.swift in Sources */ = {isa = PBXBuildFile; fileRef = CE39DB3B29A54A34009F4202 /* AudioClient.swift */; };
		CE39DB5429A54A35009F4202 /* AudioClientInterface.swift in Sources */ = {isa = PBXBuildFile; fileRef = CE39DB3D29A54A34009F4202 /* AudioClientInterface.swift */; };
		CE39DB5529A54A35009F4202 /* TrackDownloaderClient.swift in Sources */ = {isa = PBXBuildFile; fileRef = CE39DB4029A54A35009F4202 /* TrackDownloaderClient.swift */; };
		CE39DB5629A54A35009F4202 /* TrackDownloaderClientInterface.swift in Sources */ = {isa = PBXBuildFile; fileRef = CE39DB4229A54A35009F4202 /* TrackDownloaderClientInterface.swift */; };
		CE39DB5729A54A35009F4202 /* APIHeaders.swift in Sources */ = {isa = PBXBuildFile; fileRef = CE39DB4429A54A35009F4202 /* APIHeaders.swift */; };
		CE39DB5829A54A35009F4202 /* ResponseHandler+Extension.swift in Sources */ = {isa = PBXBuildFile; fileRef = CE39DB4529A54A35009F4202 /* ResponseHandler+Extension.swift */; };
		CE39DB5929A54A35009F4202 /* APIEnvironment.swift in Sources */ = {isa = PBXBuildFile; fileRef = CE39DB4629A54A35009F4202 /* APIEnvironment.swift */; };
		CE39DB5A29A54A35009F4202 /* APILoader.swift in Sources */ = {isa = PBXBuildFile; fileRef = CE39DB4729A54A35009F4202 /* APILoader.swift */; };
		CE39DB5B29A54A35009F4202 /* RequestHandler+Extension.swift in Sources */ = {isa = PBXBuildFile; fileRef = CE39DB4829A54A35009F4202 /* RequestHandler+Extension.swift */; };
		CE39DB5C29A54A35009F4202 /* SearchSingerTrackAPI.swift in Sources */ = {isa = PBXBuildFile; fileRef = CE39DB4A29A54A35009F4202 /* SearchSingerTrackAPI.swift */; };
		CE39DB5D29A54A35009F4202 /* NetworkModel.swift in Sources */ = {isa = PBXBuildFile; fileRef = CE39DB4C29A54A35009F4202 /* NetworkModel.swift */; };
		CE39DB5E29A54A35009F4202 /* APIHandler.swift in Sources */ = {isa = PBXBuildFile; fileRef = CE39DB4D29A54A35009F4202 /* APIHandler.swift */; };
		CE39DB5F29A54A35009F4202 /* APIPath.swift in Sources */ = {isa = PBXBuildFile; fileRef = CE39DB4E29A54A35009F4202 /* APIPath.swift */; };
		CE39DB6029A54A35009F4202 /* ImageDownloaderClient.swift in Sources */ = {isa = PBXBuildFile; fileRef = CE39DB5029A54A35009F4202 /* ImageDownloaderClient.swift */; };
		CE39DB6129A54A35009F4202 /* ImageDownloaderClientInterface.swift in Sources */ = {isa = PBXBuildFile; fileRef = CE39DB5229A54A35009F4202 /* ImageDownloaderClientInterface.swift */; };
		CE39DB6429A54A6D009F4202 /* Constants.swift in Sources */ = {isa = PBXBuildFile; fileRef = CE39DB6329A54A6D009F4202 /* Constants.swift */; };
		CE39DB6729A54B15009F4202 /* NSError.swift in Sources */ = {isa = PBXBuildFile; fileRef = CE39DB6629A54B15009F4202 /* NSError.swift */; };
		CE39DC1729A557A9009F4202 /* Optional.swift in Sources */ = {isa = PBXBuildFile; fileRef = CE39DC1629A557A9009F4202 /* Optional.swift */; };
/* End PBXBuildFile section */

/* Begin PBXContainerItemProxy section */
		CE39DB2B29A542A3009F4202 /* PBXContainerItemProxy */ = {
			isa = PBXContainerItemProxy;
			containerPortal = CE39DB1629A542A3009F4202 /* Project object */;
			proxyType = 1;
			remoteGlobalIDString = CE39DB1E29A542A3009F4202;
			remoteInfo = Infrastructure;
		};
/* End PBXContainerItemProxy section */

/* Begin PBXFileReference section */
		CE39DB1F29A542A3009F4202 /* Infrastructure.framework */ = {isa = PBXFileReference; explicitFileType = wrapper.framework; includeInIndex = 0; path = Infrastructure.framework; sourceTree = BUILT_PRODUCTS_DIR; };
		CE39DB2229A542A3009F4202 /* Infrastructure.h */ = {isa = PBXFileReference; lastKnownFileType = sourcecode.c.h; path = Infrastructure.h; sourceTree = "<group>"; };
		CE39DB2329A542A3009F4202 /* Infrastructure.docc */ = {isa = PBXFileReference; lastKnownFileType = folder.documentationcatalog; path = Infrastructure.docc; sourceTree = "<group>"; };
		CE39DB2929A542A3009F4202 /* InfrastructureTests.xctest */ = {isa = PBXFileReference; explicitFileType = wrapper.cfbundle; includeInIndex = 0; path = InfrastructureTests.xctest; sourceTree = BUILT_PRODUCTS_DIR; };
		CE39DB2E29A542A3009F4202 /* InfrastructureTests.swift */ = {isa = PBXFileReference; lastKnownFileType = sourcecode.swift; path = InfrastructureTests.swift; sourceTree = "<group>"; };
		CE39DB3B29A54A34009F4202 /* AudioClient.swift */ = {isa = PBXFileReference; fileEncoding = 4; lastKnownFileType = sourcecode.swift; path = AudioClient.swift; sourceTree = "<group>"; };
		CE39DB3D29A54A34009F4202 /* AudioClientInterface.swift */ = {isa = PBXFileReference; fileEncoding = 4; lastKnownFileType = sourcecode.swift; path = AudioClientInterface.swift; sourceTree = "<group>"; };
		CE39DB4029A54A35009F4202 /* TrackDownloaderClient.swift */ = {isa = PBXFileReference; fileEncoding = 4; lastKnownFileType = sourcecode.swift; path = TrackDownloaderClient.swift; sourceTree = "<group>"; };
		CE39DB4229A54A35009F4202 /* TrackDownloaderClientInterface.swift */ = {isa = PBXFileReference; fileEncoding = 4; lastKnownFileType = sourcecode.swift; path = TrackDownloaderClientInterface.swift; sourceTree = "<group>"; };
		CE39DB4429A54A35009F4202 /* APIHeaders.swift */ = {isa = PBXFileReference; fileEncoding = 4; lastKnownFileType = sourcecode.swift; path = APIHeaders.swift; sourceTree = "<group>"; };
		CE39DB4529A54A35009F4202 /* ResponseHandler+Extension.swift */ = {isa = PBXFileReference; fileEncoding = 4; lastKnownFileType = sourcecode.swift; path = "ResponseHandler+Extension.swift"; sourceTree = "<group>"; };
		CE39DB4629A54A35009F4202 /* APIEnvironment.swift */ = {isa = PBXFileReference; fileEncoding = 4; lastKnownFileType = sourcecode.swift; path = APIEnvironment.swift; sourceTree = "<group>"; };
		CE39DB4729A54A35009F4202 /* APILoader.swift */ = {isa = PBXFileReference; fileEncoding = 4; lastKnownFileType = sourcecode.swift; path = APILoader.swift; sourceTree = "<group>"; };
		CE39DB4829A54A35009F4202 /* RequestHandler+Extension.swift */ = {isa = PBXFileReference; fileEncoding = 4; lastKnownFileType = sourcecode.swift; path = "RequestHandler+Extension.swift"; sourceTree = "<group>"; };
		CE39DB4A29A54A35009F4202 /* SearchSingerTrackAPI.swift */ = {isa = PBXFileReference; fileEncoding = 4; lastKnownFileType = sourcecode.swift; path = SearchSingerTrackAPI.swift; sourceTree = "<group>"; };
		CE39DB4C29A54A35009F4202 /* NetworkModel.swift */ = {isa = PBXFileReference; fileEncoding = 4; lastKnownFileType = sourcecode.swift; path = NetworkModel.swift; sourceTree = "<group>"; };
		CE39DB4D29A54A35009F4202 /* APIHandler.swift */ = {isa = PBXFileReference; fileEncoding = 4; lastKnownFileType = sourcecode.swift; path = APIHandler.swift; sourceTree = "<group>"; };
		CE39DB4E29A54A35009F4202 /* APIPath.swift */ = {isa = PBXFileReference; fileEncoding = 4; lastKnownFileType = sourcecode.swift; path = APIPath.swift; sourceTree = "<group>"; };
		CE39DB5029A54A35009F4202 /* ImageDownloaderClient.swift */ = {isa = PBXFileReference; fileEncoding = 4; lastKnownFileType = sourcecode.swift; path = ImageDownloaderClient.swift; sourceTree = "<group>"; };
		CE39DB5229A54A35009F4202 /* ImageDownloaderClientInterface.swift */ = {isa = PBXFileReference; fileEncoding = 4; lastKnownFileType = sourcecode.swift; path = ImageDownloaderClientInterface.swift; sourceTree = "<group>"; };
		CE39DB6329A54A6D009F4202 /* Constants.swift */ = {isa = PBXFileReference; lastKnownFileType = sourcecode.swift; path = Constants.swift; sourceTree = "<group>"; };
		CE39DB6629A54B15009F4202 /* NSError.swift */ = {isa = PBXFileReference; lastKnownFileType = sourcecode.swift; path = NSError.swift; sourceTree = "<group>"; };
		CE39DC1629A557A9009F4202 /* Optional.swift */ = {isa = PBXFileReference; lastKnownFileType = sourcecode.swift; path = Optional.swift; sourceTree = "<group>"; };
/* End PBXFileReference section */

/* Begin PBXFrameworksBuildPhase section */
		CE39DB1C29A542A3009F4202 /* Frameworks */ = {
			isa = PBXFrameworksBuildPhase;
			buildActionMask = 2147483647;
			files = (
			);
			runOnlyForDeploymentPostprocessing = 0;
		};
		CE39DB2629A542A3009F4202 /* Frameworks */ = {
			isa = PBXFrameworksBuildPhase;
			buildActionMask = 2147483647;
			files = (
				CE39DB2A29A542A3009F4202 /* Infrastructure.framework in Frameworks */,
			);
			runOnlyForDeploymentPostprocessing = 0;
		};
/* End PBXFrameworksBuildPhase section */

/* Begin PBXGroup section */
		CE39DB1529A542A3009F4202 = {
			isa = PBXGroup;
			children = (
				CE39DB2129A542A3009F4202 /* Infrastructure */,
				CE39DB2D29A542A3009F4202 /* InfrastructureTests */,
				CE39DB2029A542A3009F4202 /* Products */,
			);
			sourceTree = "<group>";
		};
		CE39DB2029A542A3009F4202 /* Products */ = {
			isa = PBXGroup;
			children = (
				CE39DB1F29A542A3009F4202 /* Infrastructure.framework */,
				CE39DB2929A542A3009F4202 /* InfrastructureTests.xctest */,
			);
			name = Products;
			sourceTree = "<group>";
		};
		CE39DB2129A542A3009F4202 /* Infrastructure */ = {
			isa = PBXGroup;
			children = (
				CE39DB2229A542A3009F4202 /* Infrastructure.h */,
				CE39DB3929A54A34009F4202 /* Media Clients */,
				CE39DB3E29A54A35009F4202 /* Network Clients */,
				CE39DB6229A54A55009F4202 /* Constants */,
				CE39DB6529A54B01009F4202 /* Extension */,
				CE39DB2329A542A3009F4202 /* Infrastructure.docc */,
			);
			path = Infrastructure;
			sourceTree = "<group>";
		};
		CE39DB2D29A542A3009F4202 /* InfrastructureTests */ = {
			isa = PBXGroup;
			children = (
				CE39DB2E29A542A3009F4202 /* InfrastructureTests.swift */,
			);
			path = InfrastructureTests;
			sourceTree = "<group>";
		};
		CE39DB3929A54A34009F4202 /* Media Clients */ = {
			isa = PBXGroup;
			children = (
				CE39DB3A29A54A34009F4202 /* Audio Client */,
			);
			path = "Media Clients";
			sourceTree = "<group>";
		};
		CE39DB3A29A54A34009F4202 /* Audio Client */ = {
			isa = PBXGroup;
			children = (
				CE39DB3B29A54A34009F4202 /* AudioClient.swift */,
				CE39DB3C29A54A34009F4202 /* Interfaces */,
			);
			path = "Audio Client";
			sourceTree = "<group>";
		};
		CE39DB3C29A54A34009F4202 /* Interfaces */ = {
			isa = PBXGroup;
			children = (
				CE39DB3D29A54A34009F4202 /* AudioClientInterface.swift */,
			);
			path = Interfaces;
			sourceTree = "<group>";
		};
		CE39DB3E29A54A35009F4202 /* Network Clients */ = {
			isa = PBXGroup;
			children = (
				CE39DB3F29A54A35009F4202 /* Track Downloader */,
				CE39DB4329A54A35009F4202 /* REST API */,
				CE39DB4F29A54A35009F4202 /* Image Downloader */,
			);
			path = "Network Clients";
			sourceTree = "<group>";
		};
		CE39DB3F29A54A35009F4202 /* Track Downloader */ = {
			isa = PBXGroup;
			children = (
				CE39DB4029A54A35009F4202 /* TrackDownloaderClient.swift */,
				CE39DB4129A54A35009F4202 /* Interfaces */,
			);
			path = "Track Downloader";
			sourceTree = "<group>";
		};
		CE39DB4129A54A35009F4202 /* Interfaces */ = {
			isa = PBXGroup;
			children = (
				CE39DB4229A54A35009F4202 /* TrackDownloaderClientInterface.swift */,
			);
			path = Interfaces;
			sourceTree = "<group>";
		};
		CE39DB4329A54A35009F4202 /* REST API */ = {
			isa = PBXGroup;
			children = (
				CE39DB4929A54A35009F4202 /* Services */,
				CE39DB4B29A54A35009F4202 /* Entities */,
				CE39DB4429A54A35009F4202 /* APIHeaders.swift */,
				CE39DB4529A54A35009F4202 /* ResponseHandler+Extension.swift */,
				CE39DB4629A54A35009F4202 /* APIEnvironment.swift */,
				CE39DB4729A54A35009F4202 /* APILoader.swift */,
				CE39DB4829A54A35009F4202 /* RequestHandler+Extension.swift */,
				CE39DB4D29A54A35009F4202 /* APIHandler.swift */,
				CE39DB4E29A54A35009F4202 /* APIPath.swift */,
			);
			path = "REST API";
			sourceTree = "<group>";
		};
		CE39DB4929A54A35009F4202 /* Services */ = {
			isa = PBXGroup;
			children = (
				CE39DB4A29A54A35009F4202 /* SearchSingerTrackAPI.swift */,
			);
			path = Services;
			sourceTree = "<group>";
		};
		CE39DB4B29A54A35009F4202 /* Entities */ = {
			isa = PBXGroup;
			children = (
				CE39DB4C29A54A35009F4202 /* NetworkModel.swift */,
			);
			path = Entities;
			sourceTree = "<group>";
		};
		CE39DB4F29A54A35009F4202 /* Image Downloader */ = {
			isa = PBXGroup;
			children = (
				CE39DB5029A54A35009F4202 /* ImageDownloaderClient.swift */,
				CE39DB5129A54A35009F4202 /* Interfaces */,
			);
			path = "Image Downloader";
			sourceTree = "<group>";
		};
		CE39DB5129A54A35009F4202 /* Interfaces */ = {
			isa = PBXGroup;
			children = (
				CE39DB5229A54A35009F4202 /* ImageDownloaderClientInterface.swift */,
			);
			path = Interfaces;
			sourceTree = "<group>";
		};
		CE39DB6229A54A55009F4202 /* Constants */ = {
			isa = PBXGroup;
			children = (
				CE39DB6329A54A6D009F4202 /* Constants.swift */,
			);
			path = Constants;
			sourceTree = "<group>";
		};
		CE39DB6529A54B01009F4202 /* Extension */ = {
			isa = PBXGroup;
			children = (
				CE39DB6629A54B15009F4202 /* NSError.swift */,
				CE39DC1629A557A9009F4202 /* Optional.swift */,
			);
			path = Extension;
			sourceTree = "<group>";
		};
/* End PBXGroup section */

/* Begin PBXHeadersBuildPhase section */
		CE39DB1A29A542A3009F4202 /* Headers */ = {
			isa = PBXHeadersBuildPhase;
			buildActionMask = 2147483647;
			files = (
				CE39DB3029A542A3009F4202 /* Infrastructure.h in Headers */,
			);
			runOnlyForDeploymentPostprocessing = 0;
		};
/* End PBXHeadersBuildPhase section */

/* Begin PBXNativeTarget section */
		CE39DB1E29A542A3009F4202 /* Infrastructure */ = {
			isa = PBXNativeTarget;
			buildConfigurationList = CE39DB3329A542A3009F4202 /* Build configuration list for PBXNativeTarget "Infrastructure" */;
			buildPhases = (
				CE39DB1A29A542A3009F4202 /* Headers */,
				CE39DB1B29A542A3009F4202 /* Sources */,
				CE39DB1C29A542A3009F4202 /* Frameworks */,
				CE39DB1D29A542A3009F4202 /* Resources */,
			);
			buildRules = (
			);
			dependencies = (
			);
			name = Infrastructure;
			productName = Infrastructure;
			productReference = CE39DB1F29A542A3009F4202 /* Infrastructure.framework */;
			productType = "com.apple.product-type.framework";
		};
		CE39DB2829A542A3009F4202 /* InfrastructureTests */ = {
			isa = PBXNativeTarget;
			buildConfigurationList = CE39DB3629A542A3009F4202 /* Build configuration list for PBXNativeTarget "InfrastructureTests" */;
			buildPhases = (
				CE39DB2529A542A3009F4202 /* Sources */,
				CE39DB2629A542A3009F4202 /* Frameworks */,
				CE39DB2729A542A3009F4202 /* Resources */,
			);
			buildRules = (
			);
			dependencies = (
				CE39DB2C29A542A3009F4202 /* PBXTargetDependency */,
			);
			name = InfrastructureTests;
			productName = InfrastructureTests;
			productReference = CE39DB2929A542A3009F4202 /* InfrastructureTests.xctest */;
			productType = "com.apple.product-type.bundle.unit-test";
		};
/* End PBXNativeTarget section */

/* Begin PBXProject section */
		CE39DB1629A542A3009F4202 /* Project object */ = {
			isa = PBXProject;
			attributes = {
				BuildIndependentTargetsInParallel = 1;
				LastSwiftUpdateCheck = 1410;
				LastUpgradeCheck = 1410;
				TargetAttributes = {
					CE39DB1E29A542A3009F4202 = {
						CreatedOnToolsVersion = 14.1;
					};
					CE39DB2829A542A3009F4202 = {
						CreatedOnToolsVersion = 14.1;
					};
				};
			};
			buildConfigurationList = CE39DB1929A542A3009F4202 /* Build configuration list for PBXProject "Infrastructure" */;
			compatibilityVersion = "Xcode 14.0";
			developmentRegion = en;
			hasScannedForEncodings = 0;
			knownRegions = (
				en,
				Base,
			);
			mainGroup = CE39DB1529A542A3009F4202;
			productRefGroup = CE39DB2029A542A3009F4202 /* Products */;
			projectDirPath = "";
			projectRoot = "";
			targets = (
				CE39DB1E29A542A3009F4202 /* Infrastructure */,
				CE39DB2829A542A3009F4202 /* InfrastructureTests */,
			);
		};
/* End PBXProject section */

/* Begin PBXResourcesBuildPhase section */
		CE39DB1D29A542A3009F4202 /* Resources */ = {
			isa = PBXResourcesBuildPhase;
			buildActionMask = 2147483647;
			files = (
			);
			runOnlyForDeploymentPostprocessing = 0;
		};
		CE39DB2729A542A3009F4202 /* Resources */ = {
			isa = PBXResourcesBuildPhase;
			buildActionMask = 2147483647;
			files = (
			);
			runOnlyForDeploymentPostprocessing = 0;
		};
/* End PBXResourcesBuildPhase section */

/* Begin PBXSourcesBuildPhase section */
		CE39DB1B29A542A3009F4202 /* Sources */ = {
			isa = PBXSourcesBuildPhase;
			buildActionMask = 2147483647;
			files = (
				CE39DC1729A557A9009F4202 /* Optional.swift in Sources */,
				CE39DB5E29A54A35009F4202 /* APIHandler.swift in Sources */,
				CE39DB6429A54A6D009F4202 /* Constants.swift in Sources */,
				CE39DB6129A54A35009F4202 /* ImageDownloaderClientInterface.swift in Sources */,
				CE39DB5D29A54A35009F4202 /* NetworkModel.swift in Sources */,
				CE39DB2429A542A3009F4202 /* Infrastructure.docc in Sources */,
				CE39DB5529A54A35009F4202 /* TrackDownloaderClient.swift in Sources */,
				CE39DB5A29A54A35009F4202 /* APILoader.swift in Sources */,
				CE39DB5429A54A35009F4202 /* AudioClientInterface.swift in Sources */,
				CE39DB5629A54A35009F4202 /* TrackDownloaderClientInterface.swift in Sources */,
				CE39DB5C29A54A35009F4202 /* SearchSingerTrackAPI.swift in Sources */,
				CE39DB6029A54A35009F4202 /* ImageDownloaderClient.swift in Sources */,
				CE39DB5329A54A35009F4202 /* AudioClient.swift in Sources */,
				CE39DB5B29A54A35009F4202 /* RequestHandler+Extension.swift in Sources */,
				CE39DB5829A54A35009F4202 /* ResponseHandler+Extension.swift in Sources */,
				CE39DB5F29A54A35009F4202 /* APIPath.swift in Sources */,
				CE39DB5929A54A35009F4202 /* APIEnvironment.swift in Sources */,
				CE39DB5729A54A35009F4202 /* APIHeaders.swift in Sources */,
				CE39DB6729A54B15009F4202 /* NSError.swift in Sources */,
			);
			runOnlyForDeploymentPostprocessing = 0;
		};
		CE39DB2529A542A3009F4202 /* Sources */ = {
			isa = PBXSourcesBuildPhase;
			buildActionMask = 2147483647;
			files = (
				CE39DB2F29A542A3009F4202 /* InfrastructureTests.swift in Sources */,
			);
			runOnlyForDeploymentPostprocessing = 0;
		};
/* End PBXSourcesBuildPhase section */

/* Begin PBXTargetDependency section */
		CE39DB2C29A542A3009F4202 /* PBXTargetDependency */ = {
			isa = PBXTargetDependency;
			target = CE39DB1E29A542A3009F4202 /* Infrastructure */;
			targetProxy = CE39DB2B29A542A3009F4202 /* PBXContainerItemProxy */;
		};
/* End PBXTargetDependency section */

/* Begin XCBuildConfiguration section */
		CE39DB3129A542A3009F4202 /* Debug */ = {
			isa = XCBuildConfiguration;
			buildSettings = {
				ALWAYS_SEARCH_USER_PATHS = NO;
				CLANG_ANALYZER_NONNULL = YES;
				CLANG_ANALYZER_NUMBER_OBJECT_CONVERSION = YES_AGGRESSIVE;
				CLANG_CXX_LANGUAGE_STANDARD = "gnu++20";
				CLANG_ENABLE_MODULES = YES;
				CLANG_ENABLE_OBJC_ARC = YES;
				CLANG_ENABLE_OBJC_WEAK = YES;
				CLANG_WARN_BLOCK_CAPTURE_AUTORELEASING = YES;
				CLANG_WARN_BOOL_CONVERSION = YES;
				CLANG_WARN_COMMA = YES;
				CLANG_WARN_CONSTANT_CONVERSION = YES;
				CLANG_WARN_DEPRECATED_OBJC_IMPLEMENTATIONS = YES;
				CLANG_WARN_DIRECT_OBJC_ISA_USAGE = YES_ERROR;
				CLANG_WARN_DOCUMENTATION_COMMENTS = YES;
				CLANG_WARN_EMPTY_BODY = YES;
				CLANG_WARN_ENUM_CONVERSION = YES;
				CLANG_WARN_INFINITE_RECURSION = YES;
				CLANG_WARN_INT_CONVERSION = YES;
				CLANG_WARN_NON_LITERAL_NULL_CONVERSION = YES;
				CLANG_WARN_OBJC_IMPLICIT_RETAIN_SELF = YES;
				CLANG_WARN_OBJC_LITERAL_CONVERSION = YES;
				CLANG_WARN_OBJC_ROOT_CLASS = YES_ERROR;
				CLANG_WARN_QUOTED_INCLUDE_IN_FRAMEWORK_HEADER = YES;
				CLANG_WARN_RANGE_LOOP_ANALYSIS = YES;
				CLANG_WARN_STRICT_PROTOTYPES = YES;
				CLANG_WARN_SUSPICIOUS_MOVE = YES;
				CLANG_WARN_UNGUARDED_AVAILABILITY = YES_AGGRESSIVE;
				CLANG_WARN_UNREACHABLE_CODE = YES;
				CLANG_WARN__DUPLICATE_METHOD_MATCH = YES;
				COPY_PHASE_STRIP = NO;
				CURRENT_PROJECT_VERSION = 1;
				DEBUG_INFORMATION_FORMAT = dwarf;
				ENABLE_STRICT_OBJC_MSGSEND = YES;
				ENABLE_TESTABILITY = YES;
				GCC_C_LANGUAGE_STANDARD = gnu11;
				GCC_DYNAMIC_NO_PIC = NO;
				GCC_NO_COMMON_BLOCKS = YES;
				GCC_OPTIMIZATION_LEVEL = 0;
				GCC_PREPROCESSOR_DEFINITIONS = (
					"DEBUG=1",
					"$(inherited)",
				);
				GCC_WARN_64_TO_32_BIT_CONVERSION = YES;
				GCC_WARN_ABOUT_RETURN_TYPE = YES_ERROR;
				GCC_WARN_UNDECLARED_SELECTOR = YES;
				GCC_WARN_UNINITIALIZED_AUTOS = YES_AGGRESSIVE;
				GCC_WARN_UNUSED_FUNCTION = YES;
				GCC_WARN_UNUSED_VARIABLE = YES;
				IPHONEOS_DEPLOYMENT_TARGET = 16.1;
				MTL_ENABLE_DEBUG_INFO = INCLUDE_SOURCE;
				MTL_FAST_MATH = YES;
				ONLY_ACTIVE_ARCH = YES;
				SDKROOT = iphoneos;
				SWIFT_ACTIVE_COMPILATION_CONDITIONS = DEBUG;
				SWIFT_OPTIMIZATION_LEVEL = "-Onone";
				VERSIONING_SYSTEM = "apple-generic";
				VERSION_INFO_PREFIX = "";
			};
			name = Debug;
		};
		CE39DB3229A542A3009F4202 /* Release */ = {
			isa = XCBuildConfiguration;
			buildSettings = {
				ALWAYS_SEARCH_USER_PATHS = NO;
				CLANG_ANALYZER_NONNULL = YES;
				CLANG_ANALYZER_NUMBER_OBJECT_CONVERSION = YES_AGGRESSIVE;
				CLANG_CXX_LANGUAGE_STANDARD = "gnu++20";
				CLANG_ENABLE_MODULES = YES;
				CLANG_ENABLE_OBJC_ARC = YES;
				CLANG_ENABLE_OBJC_WEAK = YES;
				CLANG_WARN_BLOCK_CAPTURE_AUTORELEASING = YES;
				CLANG_WARN_BOOL_CONVERSION = YES;
				CLANG_WARN_COMMA = YES;
				CLANG_WARN_CONSTANT_CONVERSION = YES;
				CLANG_WARN_DEPRECATED_OBJC_IMPLEMENTATIONS = YES;
				CLANG_WARN_DIRECT_OBJC_ISA_USAGE = YES_ERROR;
				CLANG_WARN_DOCUMENTATION_COMMENTS = YES;
				CLANG_WARN_EMPTY_BODY = YES;
				CLANG_WARN_ENUM_CONVERSION = YES;
				CLANG_WARN_INFINITE_RECURSION = YES;
				CLANG_WARN_INT_CONVERSION = YES;
				CLANG_WARN_NON_LITERAL_NULL_CONVERSION = YES;
				CLANG_WARN_OBJC_IMPLICIT_RETAIN_SELF = YES;
				CLANG_WARN_OBJC_LITERAL_CONVERSION = YES;
				CLANG_WARN_OBJC_ROOT_CLASS = YES_ERROR;
				CLANG_WARN_QUOTED_INCLUDE_IN_FRAMEWORK_HEADER = YES;
				CLANG_WARN_RANGE_LOOP_ANALYSIS = YES;
				CLANG_WARN_STRICT_PROTOTYPES = YES;
				CLANG_WARN_SUSPICIOUS_MOVE = YES;
				CLANG_WARN_UNGUARDED_AVAILABILITY = YES_AGGRESSIVE;
				CLANG_WARN_UNREACHABLE_CODE = YES;
				CLANG_WARN__DUPLICATE_METHOD_MATCH = YES;
				COPY_PHASE_STRIP = NO;
				CURRENT_PROJECT_VERSION = 1;
				DEBUG_INFORMATION_FORMAT = "dwarf-with-dsym";
				ENABLE_NS_ASSERTIONS = NO;
				ENABLE_STRICT_OBJC_MSGSEND = YES;
				GCC_C_LANGUAGE_STANDARD = gnu11;
				GCC_NO_COMMON_BLOCKS = YES;
				GCC_WARN_64_TO_32_BIT_CONVERSION = YES;
				GCC_WARN_ABOUT_RETURN_TYPE = YES_ERROR;
				GCC_WARN_UNDECLARED_SELECTOR = YES;
				GCC_WARN_UNINITIALIZED_AUTOS = YES_AGGRESSIVE;
				GCC_WARN_UNUSED_FUNCTION = YES;
				GCC_WARN_UNUSED_VARIABLE = YES;
				IPHONEOS_DEPLOYMENT_TARGET = 16.1;
				MTL_ENABLE_DEBUG_INFO = NO;
				MTL_FAST_MATH = YES;
				SDKROOT = iphoneos;
				SWIFT_COMPILATION_MODE = wholemodule;
				SWIFT_OPTIMIZATION_LEVEL = "-O";
				VALIDATE_PRODUCT = YES;
				VERSIONING_SYSTEM = "apple-generic";
				VERSION_INFO_PREFIX = "";
			};
			name = Release;
		};
		CE39DB3429A542A3009F4202 /* Debug */ = {
			isa = XCBuildConfiguration;
			buildSettings = {
				CODE_SIGN_STYLE = Automatic;
				CURRENT_PROJECT_VERSION = 1;
				DEFINES_MODULE = YES;
				DEVELOPMENT_TEAM = YSQD9849J2;
				DYLIB_COMPATIBILITY_VERSION = 1;
				DYLIB_CURRENT_VERSION = 1;
				DYLIB_INSTALL_NAME_BASE = "@rpath";
				GENERATE_INFOPLIST_FILE = YES;
				INFOPLIST_KEY_NSHumanReadableCopyright = "";
				INSTALL_PATH = "$(LOCAL_LIBRARY_DIR)/Frameworks";
				LD_RUNPATH_SEARCH_PATHS = (
					"$(inherited)",
					"@executable_path/Frameworks",
					"@loader_path/Frameworks",
				);
				MARKETING_VERSION = 1.0;
				PRODUCT_BUNDLE_IDENTIFIER = com.Infrastructure;
				PRODUCT_NAME = "$(TARGET_NAME:c99extidentifier)";
				SKIP_INSTALL = YES;
				SWIFT_EMIT_LOC_STRINGS = YES;
				SWIFT_VERSION = 5.0;
				TARGETED_DEVICE_FAMILY = "1,2";
			};
			name = Debug;
		};
		CE39DB3529A542A3009F4202 /* Release */ = {
			isa = XCBuildConfiguration;
			buildSettings = {
				CODE_SIGN_STYLE = Automatic;
				CURRENT_PROJECT_VERSION = 1;
				DEFINES_MODULE = YES;
				DEVELOPMENT_TEAM = YSQD9849J2;
				DYLIB_COMPATIBILITY_VERSION = 1;
				DYLIB_CURRENT_VERSION = 1;
				DYLIB_INSTALL_NAME_BASE = "@rpath";
				GENERATE_INFOPLIST_FILE = YES;
				INFOPLIST_KEY_NSHumanReadableCopyright = "";
				INSTALL_PATH = "$(LOCAL_LIBRARY_DIR)/Frameworks";
				LD_RUNPATH_SEARCH_PATHS = (
					"$(inherited)",
					"@executable_path/Frameworks",
					"@loader_path/Frameworks",
				);
				MARKETING_VERSION = 1.0;
				PRODUCT_BUNDLE_IDENTIFIER = com.Infrastructure;
				PRODUCT_NAME = "$(TARGET_NAME:c99extidentifier)";
				SKIP_INSTALL = YES;
				SWIFT_EMIT_LOC_STRINGS = YES;
				SWIFT_VERSION = 5.0;
				TARGETED_DEVICE_FAMILY = "1,2";
			};
			name = Release;
		};
		CE39DB3729A542A3009F4202 /* Debug */ = {
			isa = XCBuildConfiguration;
			buildSettings = {
				ALWAYS_EMBED_SWIFT_STANDARD_LIBRARIES = YES;
				CODE_SIGN_STYLE = Automatic;
				CURRENT_PROJECT_VERSION = 1;
				DEVELOPMENT_TEAM = YSQD9849J2;
				GENERATE_INFOPLIST_FILE = YES;
				MARKETING_VERSION = 1.0;
				PRODUCT_BUNDLE_IDENTIFIER = com.InfrastructureTests;
				PRODUCT_NAME = "$(TARGET_NAME)";
				SWIFT_EMIT_LOC_STRINGS = NO;
				SWIFT_VERSION = 5.0;
				TARGETED_DEVICE_FAMILY = "1,2";
			};
			name = Debug;
		};
		CE39DB3829A542A3009F4202 /* Release */ = {
			isa = XCBuildConfiguration;
			buildSettings = {
				ALWAYS_EMBED_SWIFT_STANDARD_LIBRARIES = YES;
				CODE_SIGN_STYLE = Automatic;
				CURRENT_PROJECT_VERSION = 1;
				DEVELOPMENT_TEAM = YSQD9849J2;
				GENERATE_INFOPLIST_FILE = YES;
				MARKETING_VERSION = 1.0;
				PRODUCT_BUNDLE_IDENTIFIER = com.InfrastructureTests;
				PRODUCT_NAME = "$(TARGET_NAME)";
				SWIFT_EMIT_LOC_STRINGS = NO;
				SWIFT_VERSION = 5.0;
				TARGETED_DEVICE_FAMILY = "1,2";
			};
			name = Release;
		};
/* End XCBuildConfiguration section */

/* Begin XCConfigurationList section */
		CE39DB1929A542A3009F4202 /* Build configuration list for PBXProject "Infrastructure" */ = {
			isa = XCConfigurationList;
			buildConfigurations = (
				CE39DB3129A542A3009F4202 /* Debug */,
				CE39DB3229A542A3009F4202 /* Release */,
			);
			defaultConfigurationIsVisible = 0;
			defaultConfigurationName = Release;
		};
		CE39DB3329A542A3009F4202 /* Build configuration list for PBXNativeTarget "Infrastructure" */ = {
			isa = XCConfigurationList;
			buildConfigurations = (
				CE39DB3429A542A3009F4202 /* Debug */,
				CE39DB3529A542A3009F4202 /* Release */,
			);
			defaultConfigurationIsVisible = 0;
			defaultConfigurationName = Release;
		};
		CE39DB3629A542A3009F4202 /* Build configuration list for PBXNativeTarget "InfrastructureTests" */ = {
			isa = XCConfigurationList;
			buildConfigurations = (
				CE39DB3729A542A3009F4202 /* Debug */,
				CE39DB3829A542A3009F4202 /* Release */,
			);
			defaultConfigurationIsVisible = 0;
			defaultConfigurationName = Release;
		};
/* End XCConfigurationList section */
	};
	rootObject = CE39DB1629A542A3009F4202 /* Project object */;
}
